
Microsoft Visual Studio Solution File, Format Version 11.00
# Visual Studio 2010
Project("{2150E333-8FDC-42A3-9474-1A3956D46DE8}") = "Tests", "Tests", "{23B9B64F-7A1C-433B-A16B-10395BAA390E}"
EndProject
Project("{2150E333-8FDC-42A3-9474-1A3956D46DE8}") = "Bullet", "Bullet", "{0B6C0F3A-56DE-4813-B245-0921A15168B3}"
EndProject
Project("{FAE04EC0-301F-11D3-BF4B-00C04F79EFBC}") = "Bullet.HelloWorld", "Tests\Bullet\Bullet.HelloWorld\Bullet.HelloWorld.csproj", "{7BD21B80-465D-46F3-8FEF-04A7BEFD83BC}"
EndProject
Project("{2150E333-8FDC-42A3-9474-1A3956D46DE8}") = "Framework", "Framework", "{AD69D348-6C77-45A1-A4C5-85F431AC8D92}"
EndProject
Project("{FAE04EC0-301F-11D3-BF4B-00C04F79EFBC}") = "Framework.Tests", "Tests\Framework\Framework.Tests\Framework.Tests.csproj", "{1DA3517F-24BC-4FB9-9121-F418B12B1C4A}"
EndProject
Project("{2150E333-8FDC-42A3-9474-1A3956D46DE8}") = "Bindings", "Bindings", "{93FF5D97-0985-4C02-BCBB-956887399E1A}"
EndProject
Project("{FAE04EC0-301F-11D3-BF4B-00C04F79EFBC}") = "InVision.Bullet", "InVision.Bullet\InVision.Bullet.csproj", "{DF5FAE84-D72B-44DF-B646-EA3FBE436732}"
EndProject
Project("{FAE04EC0-301F-11D3-BF4B-00C04F79EFBC}") = "InVision.Ogre", "InVision.Ogre\InVision.Ogre.csproj", "{5D60C1BB-506C-4A0A-8561-C1669FAFBC5B}"
EndProject
Project("{FAE04EC0-301F-11D3-BF4B-00C04F79EFBC}") = "InVision.OIS", "InVision.OIS\InVision.OIS.csproj", "{059527B2-32AF-4983-A27F-12407C88BE0B}"
EndProject
Project("{2150E333-8FDC-42A3-9474-1A3956D46DE8}") = "Framework", "Framework", "{C451BA94-EFDF-4E0B-A393-F91AB53BE283}"
EndProject
Project("{FAE04EC0-301F-11D3-BF4B-00C04F79EFBC}") = "InVision.Framework", "InVision.Framework\InVision.Framework.csproj", "{2104F696-0FF2-4634-89D1-56613AEB7E7C}"
EndProject
Project("{FAE04EC0-301F-11D3-BF4B-00C04F79EFBC}") = "InVision.TutorialFx", "InVision.TutorialFx\InVision.TutorialFx.csproj", "{0EE75EE2-B71D-4C7F-BB2C-A7C05E7DFEAD}"
EndProject
Project("{FAE04EC0-301F-11D3-BF4B-00C04F79EFBC}") = "InVision.Scripting.Boo", "InVision.Scripting.Boo\InVision.Scripting.Boo.csproj", "{20B137CC-2EF3-402B-8E29-7E38E6606F13}"
EndProject
Project("{2150E333-8FDC-42A3-9474-1A3956D46DE8}") = "Base", "Base", "{CE8D7F5C-FFBD-4B39-8A42-A33157350FBA}"
EndProject
Project("{FAE04EC0-301F-11D3-BF4B-00C04F79EFBC}") = "InVision", "InVision\InVision.csproj", "{4A69EB8E-6E49-415C-ACB4-9CB904EA54DB}"
EndProject
Project("{2150E333-8FDC-42A3-9474-1A3956D46DE8}") = "Framework Apps", "Framework Apps", "{29E702E0-9047-4CAB-BAC9-B9BFCD17BC62}"
EndProject
Project("{FAE04EC0-301F-11D3-BF4B-00C04F79EFBC}") = "Tutano", "Tutano\Tutano.csproj", "{E2696BD7-6F39-482A-98C3-76E4B221DA05}"
EndProject
Project("{FAE04EC0-301F-11D3-BF4B-00C04F79EFBC}") = "InVision.Scripting.IronRuby", "InVision.Scripting.IronRuby\InVision.Scripting.IronRuby.csproj", "{9AC5081A-26D7-4521-A7DA-80F548BD25C8}"
EndProject
Project("{FAE04EC0-301F-11D3-BF4B-00C04F79EFBC}") = "InVision.Scripting.IronPython", "InVision.Scripting.IronPython\InVision.Scripting.IronPython.csproj", "{723B95B1-1CF4-4B03-80B9-07388CDEAD4D}"
EndProject
Project("{FAE04EC0-301F-11D3-BF4B-00C04F79EFBC}") = "InVision.Scripting.IronJS", "InVision.Scripting.IronJS\InVision.Scripting.IronJS.csproj", "{FB5E60DF-0250-47E0-A601-11FC9C91135B}"
EndProject
Project("{FAE04EC0-301F-11D3-BF4B-00C04F79EFBC}") = "InVision.Scripting.Cobra", "InVision.Scripting.Cobra\InVision.Scripting.Cobra.csproj", "{C31DDEDA-CA54-4D48-AF8B-5484F22EF11D}"
EndProject
Project("{FAE04EC0-301F-11D3-BF4B-00C04F79EFBC}") = "InVision.Scripting.Lua", "InVision.Scripting.Lua\InVision.Scripting.Lua.csproj", "{F0D751C6-A209-48BF-93F9-E368165A4FE3}"
EndProject
Project("{FAE04EC0-301F-11D3-BF4B-00C04F79EFBC}") = "InVision.Scripting.FSharp", "InVision.Scripting.FSharp\InVision.Scripting.FSharp.csproj", "{9F894DD5-05A7-4FE1-8D4C-57E24A5A7696}"
EndProject
Project("{FAE04EC0-301F-11D3-BF4B-00C04F79EFBC}") = "InVision.Scripting.CSharp", "InVision.Scripting.CSharp\InVision.Scripting.CSharp.csproj", "{DDC374BB-1E68-45E1-B81F-9D51A5C32714}"
EndProject
Project("{2150E333-8FDC-42A3-9474-1A3956D46DE8}") = "Scripting", "Scripting", "{203D4274-0E59-4FC7-BAD2-6A07B102A197}"
EndProject
Project("{2150E333-8FDC-42A3-9474-1A3956D46DE8}") = "Bindings", "Bindings", "{3517D935-D619-4821-A127-BF657789BCC1}"
EndProject
Project("{FAE04EC0-301F-11D3-BF4B-00C04F79EFBC}") = "ReverseGenerator", "ReverseGenerator\ReverseGenerator.csproj", "{E27F975A-EE9E-4DA4-ACDF-995FF6E752B5}"
EndProject
Project("{FAE04EC0-301F-11D3-BF4B-00C04F79EFBC}") = "InVision.OIS.Native", "InVision.OIS.Native\InVision.OIS.Native.csproj", "{CF8FC602-FD36-41DF-8FC6-08E9BB5593DC}"
EndProject
Project("{FAE04EC0-301F-11D3-BF4B-00C04F79EFBC}") = "OIS.Tests", "Tests\Bindings\OIS.Tests\OIS.Tests.csproj", "{F48E8475-21C6-4124-83B7-3536F2E79EA1}"
EndProject
Project("{FAE04EC0-301F-11D3-BF4B-00C04F79EFBC}") = "InVision.Ogre.Native", "InVision.Ogre.Native\InVision.Ogre.Native.csproj", "{316AE104-9284-4BE8-B3F7-5C5EC74B9C80}"
EndProject
Global
	GlobalSection(SolutionConfigurationPlatforms) = preSolution
		Debug|Any CPU = Debug|Any CPU
		Debug|Mixed Platforms = Debug|Mixed Platforms
		Debug|Win32 = Debug|Win32
		Debug|x86 = Debug|x86
		Release|Any CPU = Release|Any CPU
		Release|Mixed Platforms = Release|Mixed Platforms
		Release|Win32 = Release|Win32
		Release|x86 = Release|x86
	EndGlobalSection
	GlobalSection(ProjectConfigurationPlatforms) = postSolution
		{7BD21B80-465D-46F3-8FEF-04A7BEFD83BC}.Debug|Any CPU.ActiveCfg = Debug|x86
		{7BD21B80-465D-46F3-8FEF-04A7BEFD83BC}.Debug|Any CPU.Build.0 = Debug|x86
		{7BD21B80-465D-46F3-8FEF-04A7BEFD83BC}.Debug|Mixed Platforms.ActiveCfg = Debug|x86
		{7BD21B80-465D-46F3-8FEF-04A7BEFD83BC}.Debug|Mixed Platforms.Build.0 = Debug|x86
		{7BD21B80-465D-46F3-8FEF-04A7BEFD83BC}.Debug|Win32.ActiveCfg = Debug|x86
		{7BD21B80-465D-46F3-8FEF-04A7BEFD83BC}.Debug|x86.ActiveCfg = Debug|x86
		{7BD21B80-465D-46F3-8FEF-04A7BEFD83BC}.Debug|x86.Build.0 = Debug|x86
		{7BD21B80-465D-46F3-8FEF-04A7BEFD83BC}.Release|Any CPU.ActiveCfg = Release|x86
		{7BD21B80-465D-46F3-8FEF-04A7BEFD83BC}.Release|Mixed Platforms.ActiveCfg = Release|x86
		{7BD21B80-465D-46F3-8FEF-04A7BEFD83BC}.Release|Mixed Platforms.Build.0 = Release|x86
		{7BD21B80-465D-46F3-8FEF-04A7BEFD83BC}.Release|Win32.ActiveCfg = Release|x86
		{7BD21B80-465D-46F3-8FEF-04A7BEFD83BC}.Release|x86.ActiveCfg = Release|x86
		{7BD21B80-465D-46F3-8FEF-04A7BEFD83BC}.Release|x86.Build.0 = Release|x86
		{1DA3517F-24BC-4FB9-9121-F418B12B1C4A}.Debug|Any CPU.ActiveCfg = Debug|x86
		{1DA3517F-24BC-4FB9-9121-F418B12B1C4A}.Debug|Any CPU.Build.0 = Debug|x86
		{1DA3517F-24BC-4FB9-9121-F418B12B1C4A}.Debug|Mixed Platforms.ActiveCfg = Debug|x86
		{1DA3517F-24BC-4FB9-9121-F418B12B1C4A}.Debug|Mixed Platforms.Build.0 = Debug|x86
		{1DA3517F-24BC-4FB9-9121-F418B12B1C4A}.Debug|Win32.ActiveCfg = Debug|x86
		{1DA3517F-24BC-4FB9-9121-F418B12B1C4A}.Debug|Win32.Build.0 = Debug|x86
		{1DA3517F-24BC-4FB9-9121-F418B12B1C4A}.Debug|x86.ActiveCfg = Debug|x86
		{1DA3517F-24BC-4FB9-9121-F418B12B1C4A}.Debug|x86.Build.0 = Debug|x86
		{1DA3517F-24BC-4FB9-9121-F418B12B1C4A}.Release|Any CPU.ActiveCfg = Release|x86
		{1DA3517F-24BC-4FB9-9121-F418B12B1C4A}.Release|Any CPU.Build.0 = Release|x86
		{1DA3517F-24BC-4FB9-9121-F418B12B1C4A}.Release|Mixed Platforms.ActiveCfg = Release|x86
		{1DA3517F-24BC-4FB9-9121-F418B12B1C4A}.Release|Mixed Platforms.Build.0 = Release|x86
		{1DA3517F-24BC-4FB9-9121-F418B12B1C4A}.Release|Win32.ActiveCfg = Release|x86
		{1DA3517F-24BC-4FB9-9121-F418B12B1C4A}.Release|Win32.Build.0 = Release|x86
		{1DA3517F-24BC-4FB9-9121-F418B12B1C4A}.Release|x86.ActiveCfg = Release|x86
		{1DA3517F-24BC-4FB9-9121-F418B12B1C4A}.Release|x86.Build.0 = Release|x86
		{DF5FAE84-D72B-44DF-B646-EA3FBE436732}.Debug|Any CPU.ActiveCfg = Debug|Any CPU
		{DF5FAE84-D72B-44DF-B646-EA3FBE436732}.Debug|Any CPU.Build.0 = Debug|Any CPU
		{DF5FAE84-D72B-44DF-B646-EA3FBE436732}.Debug|Mixed Platforms.ActiveCfg = Debug|Any CPU
		{DF5FAE84-D72B-44DF-B646-EA3FBE436732}.Debug|Mixed Platforms.Build.0 = Debug|Any CPU
		{DF5FAE84-D72B-44DF-B646-EA3FBE436732}.Debug|Win32.ActiveCfg = Debug|Any CPU
		{DF5FAE84-D72B-44DF-B646-EA3FBE436732}.Debug|x86.ActiveCfg = Debug|Any CPU
		{DF5FAE84-D72B-44DF-B646-EA3FBE436732}.Release|Any CPU.ActiveCfg = Release|Any CPU
		{DF5FAE84-D72B-44DF-B646-EA3FBE436732}.Release|Any CPU.Build.0 = Release|Any CPU
		{DF5FAE84-D72B-44DF-B646-EA3FBE436732}.Release|Mixed Platforms.ActiveCfg = Release|Any CPU
		{DF5FAE84-D72B-44DF-B646-EA3FBE436732}.Release|Mixed Platforms.Build.0 = Release|Any CPU
		{DF5FAE84-D72B-44DF-B646-EA3FBE436732}.Release|Win32.ActiveCfg = Release|Any CPU
		{DF5FAE84-D72B-44DF-B646-EA3FBE436732}.Release|x86.ActiveCfg = Release|Any CPU
		{5D60C1BB-506C-4A0A-8561-C1669FAFBC5B}.Debug|Any CPU.ActiveCfg = Debug|Any CPU
		{5D60C1BB-506C-4A0A-8561-C1669FAFBC5B}.Debug|Any CPU.Build.0 = Debug|Any CPU
		{5D60C1BB-506C-4A0A-8561-C1669FAFBC5B}.Debug|Mixed Platforms.ActiveCfg = Debug|Any CPU
		{5D60C1BB-506C-4A0A-8561-C1669FAFBC5B}.Debug|Mixed Platforms.Build.0 = Debug|Any CPU
		{5D60C1BB-506C-4A0A-8561-C1669FAFBC5B}.Debug|Win32.ActiveCfg = Debug|Any CPU
		{5D60C1BB-506C-4A0A-8561-C1669FAFBC5B}.Debug|x86.ActiveCfg = Debug|Any CPU
		{5D60C1BB-506C-4A0A-8561-C1669FAFBC5B}.Release|Any CPU.ActiveCfg = Release|Any CPU
		{5D60C1BB-506C-4A0A-8561-C1669FAFBC5B}.Release|Any CPU.Build.0 = Release|Any CPU
		{5D60C1BB-506C-4A0A-8561-C1669FAFBC5B}.Release|Mixed Platforms.ActiveCfg = Release|Any CPU
		{5D60C1BB-506C-4A0A-8561-C1669FAFBC5B}.Release|Mixed Platforms.Build.0 = Release|Any CPU
		{5D60C1BB-506C-4A0A-8561-C1669FAFBC5B}.Release|Win32.ActiveCfg = Release|Any CPU
		{5D60C1BB-506C-4A0A-8561-C1669FAFBC5B}.Release|x86.ActiveCfg = Release|Any CPU
		{059527B2-32AF-4983-A27F-12407C88BE0B}.Debug|Any CPU.ActiveCfg = Debug|Any CPU
		{059527B2-32AF-4983-A27F-12407C88BE0B}.Debug|Any CPU.Build.0 = Debug|Any CPU
		{059527B2-32AF-4983-A27F-12407C88BE0B}.Debug|Mixed Platforms.ActiveCfg = Debug|Any CPU
		{059527B2-32AF-4983-A27F-12407C88BE0B}.Debug|Mixed Platforms.Build.0 = Debug|Any CPU
		{059527B2-32AF-4983-A27F-12407C88BE0B}.Debug|Win32.ActiveCfg = Debug|Any CPU
		{059527B2-32AF-4983-A27F-12407C88BE0B}.Debug|x86.ActiveCfg = Debug|Any CPU
		{059527B2-32AF-4983-A27F-12407C88BE0B}.Release|Any CPU.ActiveCfg = Release|Any CPU
		{059527B2-32AF-4983-A27F-12407C88BE0B}.Release|Any CPU.Build.0 = Release|Any CPU
		{059527B2-32AF-4983-A27F-12407C88BE0B}.Release|Mixed Platforms.ActiveCfg = Release|Any CPU
		{059527B2-32AF-4983-A27F-12407C88BE0B}.Release|Mixed Platforms.Build.0 = Release|Any CPU
		{059527B2-32AF-4983-A27F-12407C88BE0B}.Release|Win32.ActiveCfg = Release|Any CPU
		{059527B2-32AF-4983-A27F-12407C88BE0B}.Release|x86.ActiveCfg = Release|Any CPU
		{2104F696-0FF2-4634-89D1-56613AEB7E7C}.Debug|Any CPU.ActiveCfg = Debug|Any CPU
		{2104F696-0FF2-4634-89D1-56613AEB7E7C}.Debug|Any CPU.Build.0 = Debug|Any CPU
		{2104F696-0FF2-4634-89D1-56613AEB7E7C}.Debug|Mixed Platforms.ActiveCfg = Debug|Any CPU
		{2104F696-0FF2-4634-89D1-56613AEB7E7C}.Debug|Mixed Platforms.Build.0 = Debug|Any CPU
		{2104F696-0FF2-4634-89D1-56613AEB7E7C}.Debug|Win32.ActiveCfg = Debug|Any CPU
		{2104F696-0FF2-4634-89D1-56613AEB7E7C}.Debug|x86.ActiveCfg = Debug|Any CPU
		{2104F696-0FF2-4634-89D1-56613AEB7E7C}.Release|Any CPU.ActiveCfg = Release|Any CPU
		{2104F696-0FF2-4634-89D1-56613AEB7E7C}.Release|Any CPU.Build.0 = Release|Any CPU
		{2104F696-0FF2-4634-89D1-56613AEB7E7C}.Release|Mixed Platforms.ActiveCfg = Release|Any CPU
		{2104F696-0FF2-4634-89D1-56613AEB7E7C}.Release|Mixed Platforms.Build.0 = Release|Any CPU
		{2104F696-0FF2-4634-89D1-56613AEB7E7C}.Release|Win32.ActiveCfg = Release|Any CPU
		{2104F696-0FF2-4634-89D1-56613AEB7E7C}.Release|x86.ActiveCfg = Release|Any CPU
		{0EE75EE2-B71D-4C7F-BB2C-A7C05E7DFEAD}.Debug|Any CPU.ActiveCfg = Debug|Any CPU
		{0EE75EE2-B71D-4C7F-BB2C-A7C05E7DFEAD}.Debug|Any CPU.Build.0 = Debug|Any CPU
		{0EE75EE2-B71D-4C7F-BB2C-A7C05E7DFEAD}.Debug|Mixed Platforms.ActiveCfg = Debug|Any CPU
		{0EE75EE2-B71D-4C7F-BB2C-A7C05E7DFEAD}.Debug|Mixed Platforms.Build.0 = Debug|Any CPU
		{0EE75EE2-B71D-4C7F-BB2C-A7C05E7DFEAD}.Debug|Win32.ActiveCfg = Debug|Any CPU
		{0EE75EE2-B71D-4C7F-BB2C-A7C05E7DFEAD}.Debug|x86.ActiveCfg = Debug|Any CPU
		{0EE75EE2-B71D-4C7F-BB2C-A7C05E7DFEAD}.Release|Any CPU.ActiveCfg = Release|Any CPU
		{0EE75EE2-B71D-4C7F-BB2C-A7C05E7DFEAD}.Release|Any CPU.Build.0 = Release|Any CPU
		{0EE75EE2-B71D-4C7F-BB2C-A7C05E7DFEAD}.Release|Mixed Platforms.ActiveCfg = Release|Any CPU
		{0EE75EE2-B71D-4C7F-BB2C-A7C05E7DFEAD}.Release|Mixed Platforms.Build.0 = Release|Any CPU
		{0EE75EE2-B71D-4C7F-BB2C-A7C05E7DFEAD}.Release|Win32.ActiveCfg = Release|Any CPU
		{0EE75EE2-B71D-4C7F-BB2C-A7C05E7DFEAD}.Release|x86.ActiveCfg = Release|Any CPU
		{20B137CC-2EF3-402B-8E29-7E38E6606F13}.Debug|Any CPU.ActiveCfg = Debug|x86
		{20B137CC-2EF3-402B-8E29-7E38E6606F13}.Debug|Any CPU.Build.0 = Debug|x86
		{20B137CC-2EF3-402B-8E29-7E38E6606F13}.Debug|Mixed Platforms.ActiveCfg = Debug|x86
		{20B137CC-2EF3-402B-8E29-7E38E6606F13}.Debug|Mixed Platforms.Build.0 = Debug|x86
		{20B137CC-2EF3-402B-8E29-7E38E6606F13}.Debug|Win32.ActiveCfg = Debug|x86
		{20B137CC-2EF3-402B-8E29-7E38E6606F13}.Debug|x86.ActiveCfg = Debug|x86
		{20B137CC-2EF3-402B-8E29-7E38E6606F13}.Debug|x86.Build.0 = Debug|x86
		{20B137CC-2EF3-402B-8E29-7E38E6606F13}.Release|Any CPU.ActiveCfg = Release|x86
		{20B137CC-2EF3-402B-8E29-7E38E6606F13}.Release|Mixed Platforms.ActiveCfg = Release|x86
		{20B137CC-2EF3-402B-8E29-7E38E6606F13}.Release|Mixed Platforms.Build.0 = Release|x86
		{20B137CC-2EF3-402B-8E29-7E38E6606F13}.Release|Win32.ActiveCfg = Release|x86
		{20B137CC-2EF3-402B-8E29-7E38E6606F13}.Release|x86.ActiveCfg = Release|x86
		{20B137CC-2EF3-402B-8E29-7E38E6606F13}.Release|x86.Build.0 = Release|x86
		{4A69EB8E-6E49-415C-ACB4-9CB904EA54DB}.Debug|Any CPU.ActiveCfg = Debug|Any CPU
		{4A69EB8E-6E49-415C-ACB4-9CB904EA54DB}.Debug|Any CPU.Build.0 = Debug|Any CPU
		{4A69EB8E-6E49-415C-ACB4-9CB904EA54DB}.Debug|Mixed Platforms.ActiveCfg = Debug|Any CPU
		{4A69EB8E-6E49-415C-ACB4-9CB904EA54DB}.Debug|Mixed Platforms.Build.0 = Debug|Any CPU
		{4A69EB8E-6E49-415C-ACB4-9CB904EA54DB}.Debug|Win32.ActiveCfg = Debug|Any CPU
		{4A69EB8E-6E49-415C-ACB4-9CB904EA54DB}.Debug|x86.ActiveCfg = Debug|Any CPU
		{4A69EB8E-6E49-415C-ACB4-9CB904EA54DB}.Release|Any CPU.ActiveCfg = Release|Any CPU
		{4A69EB8E-6E49-415C-ACB4-9CB904EA54DB}.Release|Any CPU.Build.0 = Release|Any CPU
		{4A69EB8E-6E49-415C-ACB4-9CB904EA54DB}.Release|Mixed Platforms.ActiveCfg = Release|Any CPU
		{4A69EB8E-6E49-415C-ACB4-9CB904EA54DB}.Release|Mixed Platforms.Build.0 = Release|Any CPU
		{4A69EB8E-6E49-415C-ACB4-9CB904EA54DB}.Release|Win32.ActiveCfg = Release|Any CPU
		{4A69EB8E-6E49-415C-ACB4-9CB904EA54DB}.Release|x86.ActiveCfg = Release|Any CPU
		{E2696BD7-6F39-482A-98C3-76E4B221DA05}.Debug|Any CPU.ActiveCfg = Debug|x86
		{E2696BD7-6F39-482A-98C3-76E4B221DA05}.Debug|Any CPU.Build.0 = Debug|x86
		{E2696BD7-6F39-482A-98C3-76E4B221DA05}.Debug|Mixed Platforms.ActiveCfg = Debug|x86
		{E2696BD7-6F39-482A-98C3-76E4B221DA05}.Debug|Mixed Platforms.Build.0 = Debug|x86
		{E2696BD7-6F39-482A-98C3-76E4B221DA05}.Debug|Win32.ActiveCfg = Debug|x86
		{E2696BD7-6F39-482A-98C3-76E4B221DA05}.Debug|x86.ActiveCfg = Debug|x86
		{E2696BD7-6F39-482A-98C3-76E4B221DA05}.Debug|x86.Build.0 = Debug|x86
		{E2696BD7-6F39-482A-98C3-76E4B221DA05}.Release|Any CPU.ActiveCfg = Release|x86
		{E2696BD7-6F39-482A-98C3-76E4B221DA05}.Release|Mixed Platforms.ActiveCfg = Release|x86
		{E2696BD7-6F39-482A-98C3-76E4B221DA05}.Release|Mixed Platforms.Build.0 = Release|x86
		{E2696BD7-6F39-482A-98C3-76E4B221DA05}.Release|Win32.ActiveCfg = Release|x86
		{E2696BD7-6F39-482A-98C3-76E4B221DA05}.Release|x86.ActiveCfg = Release|x86
		{E2696BD7-6F39-482A-98C3-76E4B221DA05}.Release|x86.Build.0 = Release|x86
		{9AC5081A-26D7-4521-A7DA-80F548BD25C8}.Debug|Any CPU.ActiveCfg = Debug|Any CPU
		{9AC5081A-26D7-4521-A7DA-80F548BD25C8}.Debug|Any CPU.Build.0 = Debug|Any CPU
		{9AC5081A-26D7-4521-A7DA-80F548BD25C8}.Debug|Mixed Platforms.ActiveCfg = Debug|Any CPU
		{9AC5081A-26D7-4521-A7DA-80F548BD25C8}.Debug|Mixed Platforms.Build.0 = Debug|Any CPU
		{9AC5081A-26D7-4521-A7DA-80F548BD25C8}.Debug|Win32.ActiveCfg = Debug|Any CPU
		{9AC5081A-26D7-4521-A7DA-80F548BD25C8}.Debug|x86.ActiveCfg = Debug|Any CPU
		{9AC5081A-26D7-4521-A7DA-80F548BD25C8}.Release|Any CPU.ActiveCfg = Release|Any CPU
		{9AC5081A-26D7-4521-A7DA-80F548BD25C8}.Release|Any CPU.Build.0 = Release|Any CPU
		{9AC5081A-26D7-4521-A7DA-80F548BD25C8}.Release|Mixed Platforms.ActiveCfg = Release|Any CPU
		{9AC5081A-26D7-4521-A7DA-80F548BD25C8}.Release|Mixed Platforms.Build.0 = Release|Any CPU
		{9AC5081A-26D7-4521-A7DA-80F548BD25C8}.Release|Win32.ActiveCfg = Release|Any CPU
		{9AC5081A-26D7-4521-A7DA-80F548BD25C8}.Release|x86.ActiveCfg = Release|Any CPU
		{723B95B1-1CF4-4B03-80B9-07388CDEAD4D}.Debug|Any CPU.ActiveCfg = Debug|Any CPU
		{723B95B1-1CF4-4B03-80B9-07388CDEAD4D}.Debug|Any CPU.Build.0 = Debug|Any CPU
		{723B95B1-1CF4-4B03-80B9-07388CDEAD4D}.Debug|Mixed Platforms.ActiveCfg = Debug|Any CPU
		{723B95B1-1CF4-4B03-80B9-07388CDEAD4D}.Debug|Mixed Platforms.Build.0 = Debug|Any CPU
		{723B95B1-1CF4-4B03-80B9-07388CDEAD4D}.Debug|Win32.ActiveCfg = Debug|Any CPU
		{723B95B1-1CF4-4B03-80B9-07388CDEAD4D}.Debug|x86.ActiveCfg = Debug|Any CPU
		{723B95B1-1CF4-4B03-80B9-07388CDEAD4D}.Release|Any CPU.ActiveCfg = Release|Any CPU
		{723B95B1-1CF4-4B03-80B9-07388CDEAD4D}.Release|Any CPU.Build.0 = Release|Any CPU
		{723B95B1-1CF4-4B03-80B9-07388CDEAD4D}.Release|Mixed Platforms.ActiveCfg = Release|Any CPU
		{723B95B1-1CF4-4B03-80B9-07388CDEAD4D}.Release|Mixed Platforms.Build.0 = Release|Any CPU
		{723B95B1-1CF4-4B03-80B9-07388CDEAD4D}.Release|Win32.ActiveCfg = Release|Any CPU
		{723B95B1-1CF4-4B03-80B9-07388CDEAD4D}.Release|x86.ActiveCfg = Release|Any CPU
		{FB5E60DF-0250-47E0-A601-11FC9C91135B}.Debug|Any CPU.ActiveCfg = Debug|Any CPU
		{FB5E60DF-0250-47E0-A601-11FC9C91135B}.Debug|Any CPU.Build.0 = Debug|Any CPU
		{FB5E60DF-0250-47E0-A601-11FC9C91135B}.Debug|Mixed Platforms.ActiveCfg = Debug|Any CPU
		{FB5E60DF-0250-47E0-A601-11FC9C91135B}.Debug|Mixed Platforms.Build.0 = Debug|Any CPU
		{FB5E60DF-0250-47E0-A601-11FC9C91135B}.Debug|Win32.ActiveCfg = Debug|Any CPU
		{FB5E60DF-0250-47E0-A601-11FC9C91135B}.Debug|x86.ActiveCfg = Debug|Any CPU
		{FB5E60DF-0250-47E0-A601-11FC9C91135B}.Release|Any CPU.ActiveCfg = Release|Any CPU
		{FB5E60DF-0250-47E0-A601-11FC9C91135B}.Release|Any CPU.Build.0 = Release|Any CPU
		{FB5E60DF-0250-47E0-A601-11FC9C91135B}.Release|Mixed Platforms.ActiveCfg = Release|Any CPU
		{FB5E60DF-0250-47E0-A601-11FC9C91135B}.Release|Mixed Platforms.Build.0 = Release|Any CPU
		{FB5E60DF-0250-47E0-A601-11FC9C91135B}.Release|Win32.ActiveCfg = Release|Any CPU
		{FB5E60DF-0250-47E0-A601-11FC9C91135B}.Release|x86.ActiveCfg = Release|Any CPU
		{C31DDEDA-CA54-4D48-AF8B-5484F22EF11D}.Debug|Any CPU.ActiveCfg = Debug|Any CPU
		{C31DDEDA-CA54-4D48-AF8B-5484F22EF11D}.Debug|Any CPU.Build.0 = Debug|Any CPU
		{C31DDEDA-CA54-4D48-AF8B-5484F22EF11D}.Debug|Mixed Platforms.ActiveCfg = Debug|Any CPU
		{C31DDEDA-CA54-4D48-AF8B-5484F22EF11D}.Debug|Mixed Platforms.Build.0 = Debug|Any CPU
		{C31DDEDA-CA54-4D48-AF8B-5484F22EF11D}.Debug|Win32.ActiveCfg = Debug|Any CPU
		{C31DDEDA-CA54-4D48-AF8B-5484F22EF11D}.Debug|x86.ActiveCfg = Debug|Any CPU
		{C31DDEDA-CA54-4D48-AF8B-5484F22EF11D}.Release|Any CPU.ActiveCfg = Release|Any CPU
		{C31DDEDA-CA54-4D48-AF8B-5484F22EF11D}.Release|Any CPU.Build.0 = Release|Any CPU
		{C31DDEDA-CA54-4D48-AF8B-5484F22EF11D}.Release|Mixed Platforms.ActiveCfg = Release|Any CPU
		{C31DDEDA-CA54-4D48-AF8B-5484F22EF11D}.Release|Mixed Platforms.Build.0 = Release|Any CPU
		{C31DDEDA-CA54-4D48-AF8B-5484F22EF11D}.Release|Win32.ActiveCfg = Release|Any CPU
		{C31DDEDA-CA54-4D48-AF8B-5484F22EF11D}.Release|x86.ActiveCfg = Release|Any CPU
		{F0D751C6-A209-48BF-93F9-E368165A4FE3}.Debug|Any CPU.ActiveCfg = Debug|Any CPU
		{F0D751C6-A209-48BF-93F9-E368165A4FE3}.Debug|Any CPU.Build.0 = Debug|Any CPU
		{F0D751C6-A209-48BF-93F9-E368165A4FE3}.Debug|Mixed Platforms.ActiveCfg = Debug|Any CPU
		{F0D751C6-A209-48BF-93F9-E368165A4FE3}.Debug|Mixed Platforms.Build.0 = Debug|Any CPU
		{F0D751C6-A209-48BF-93F9-E368165A4FE3}.Debug|Win32.ActiveCfg = Debug|Any CPU
		{F0D751C6-A209-48BF-93F9-E368165A4FE3}.Debug|x86.ActiveCfg = Debug|Any CPU
		{F0D751C6-A209-48BF-93F9-E368165A4FE3}.Release|Any CPU.ActiveCfg = Release|Any CPU
		{F0D751C6-A209-48BF-93F9-E368165A4FE3}.Release|Any CPU.Build.0 = Release|Any CPU
		{F0D751C6-A209-48BF-93F9-E368165A4FE3}.Release|Mixed Platforms.ActiveCfg = Release|Any CPU
		{F0D751C6-A209-48BF-93F9-E368165A4FE3}.Release|Mixed Platforms.Build.0 = Release|Any CPU
		{F0D751C6-A209-48BF-93F9-E368165A4FE3}.Release|Win32.ActiveCfg = Release|Any CPU
		{F0D751C6-A209-48BF-93F9-E368165A4FE3}.Release|x86.ActiveCfg = Release|Any CPU
		{9F894DD5-05A7-4FE1-8D4C-57E24A5A7696}.Debug|Any CPU.ActiveCfg = Debug|Any CPU
		{9F894DD5-05A7-4FE1-8D4C-57E24A5A7696}.Debug|Any CPU.Build.0 = Debug|Any CPU
		{9F894DD5-05A7-4FE1-8D4C-57E24A5A7696}.Debug|Mixed Platforms.ActiveCfg = Debug|Any CPU
		{9F894DD5-05A7-4FE1-8D4C-57E24A5A7696}.Debug|Mixed Platforms.Build.0 = Debug|Any CPU
		{9F894DD5-05A7-4FE1-8D4C-57E24A5A7696}.Debug|Win32.ActiveCfg = Debug|Any CPU
		{9F894DD5-05A7-4FE1-8D4C-57E24A5A7696}.Debug|x86.ActiveCfg = Debug|Any CPU
		{9F894DD5-05A7-4FE1-8D4C-57E24A5A7696}.Release|Any CPU.ActiveCfg = Release|Any CPU
		{9F894DD5-05A7-4FE1-8D4C-57E24A5A7696}.Release|Any CPU.Build.0 = Release|Any CPU
		{9F894DD5-05A7-4FE1-8D4C-57E24A5A7696}.Release|Mixed Platforms.ActiveCfg = Release|Any CPU
		{9F894DD5-05A7-4FE1-8D4C-57E24A5A7696}.Release|Mixed Platforms.Build.0 = Release|Any CPU
		{9F894DD5-05A7-4FE1-8D4C-57E24A5A7696}.Release|Win32.ActiveCfg = Release|Any CPU
		{9F894DD5-05A7-4FE1-8D4C-57E24A5A7696}.Release|x86.ActiveCfg = Release|Any CPU
		{DDC374BB-1E68-45E1-B81F-9D51A5C32714}.Debug|Any CPU.ActiveCfg = Debug|Any CPU
		{DDC374BB-1E68-45E1-B81F-9D51A5C32714}.Debug|Any CPU.Build.0 = Debug|Any CPU
		{DDC374BB-1E68-45E1-B81F-9D51A5C32714}.Debug|Mixed Platforms.ActiveCfg = Debug|Any CPU
		{DDC374BB-1E68-45E1-B81F-9D51A5C32714}.Debug|Mixed Platforms.Build.0 = Debug|Any CPU
		{DDC374BB-1E68-45E1-B81F-9D51A5C32714}.Debug|Win32.ActiveCfg = Debug|Any CPU
		{DDC374BB-1E68-45E1-B81F-9D51A5C32714}.Debug|x86.ActiveCfg = Debug|Any CPU
		{DDC374BB-1E68-45E1-B81F-9D51A5C32714}.Release|Any CPU.ActiveCfg = Release|Any CPU
		{DDC374BB-1E68-45E1-B81F-9D51A5C32714}.Release|Any CPU.Build.0 = Release|Any CPU
		{DDC374BB-1E68-45E1-B81F-9D51A5C32714}.Release|Mixed Platforms.ActiveCfg = Release|Any CPU
		{DDC374BB-1E68-45E1-B81F-9D51A5C32714}.Release|Mixed Platforms.Build.0 = Release|Any CPU
		{DDC374BB-1E68-45E1-B81F-9D51A5C32714}.Release|Win32.ActiveCfg = Release|Any CPU
		{DDC374BB-1E68-45E1-B81F-9D51A5C32714}.Release|x86.ActiveCfg = Release|Any CPU
		{E27F975A-EE9E-4DA4-ACDF-995FF6E752B5}.Debug|Any CPU.ActiveCfg = Debug|x86
		{E27F975A-EE9E-4DA4-ACDF-995FF6E752B5}.Debug|Any CPU.Build.0 = Debug|x86
		{E27F975A-EE9E-4DA4-ACDF-995FF6E752B5}.Debug|Mixed Platforms.ActiveCfg = Debug|x86
		{E27F975A-EE9E-4DA4-ACDF-995FF6E752B5}.Debug|Mixed Platforms.Build.0 = Debug|x86
		{E27F975A-EE9E-4DA4-ACDF-995FF6E752B5}.Debug|Win32.ActiveCfg = Debug|x86
		{E27F975A-EE9E-4DA4-ACDF-995FF6E752B5}.Debug|x86.ActiveCfg = Debug|x86
		{E27F975A-EE9E-4DA4-ACDF-995FF6E752B5}.Debug|x86.Build.0 = Debug|x86
		{E27F975A-EE9E-4DA4-ACDF-995FF6E752B5}.Release|Any CPU.ActiveCfg = Release|x86
		{E27F975A-EE9E-4DA4-ACDF-995FF6E752B5}.Release|Mixed Platforms.ActiveCfg = Release|x86
		{E27F975A-EE9E-4DA4-ACDF-995FF6E752B5}.Release|Mixed Platforms.Build.0 = Release|x86
		{E27F975A-EE9E-4DA4-ACDF-995FF6E752B5}.Release|Win32.ActiveCfg = Release|x86
		{E27F975A-EE9E-4DA4-ACDF-995FF6E752B5}.Release|x86.ActiveCfg = Release|x86
		{E27F975A-EE9E-4DA4-ACDF-995FF6E752B5}.Release|x86.Build.0 = Release|x86
		{CF8FC602-FD36-41DF-8FC6-08E9BB5593DC}.Debug|Any CPU.ActiveCfg = Debug|Any CPU
		{CF8FC602-FD36-41DF-8FC6-08E9BB5593DC}.Debug|Any CPU.Build.0 = Debug|Any CPU
		{CF8FC602-FD36-41DF-8FC6-08E9BB5593DC}.Debug|Mixed Platforms.ActiveCfg = Debug|Any CPU
		{CF8FC602-FD36-41DF-8FC6-08E9BB5593DC}.Debug|Mixed Platforms.Build.0 = Debug|Any CPU
		{CF8FC602-FD36-41DF-8FC6-08E9BB5593DC}.Debug|Win32.ActiveCfg = Debug|Any CPU
		{CF8FC602-FD36-41DF-8FC6-08E9BB5593DC}.Debug|x86.ActiveCfg = Debug|Any CPU
		{CF8FC602-FD36-41DF-8FC6-08E9BB5593DC}.Release|Any CPU.ActiveCfg = Release|Any CPU
		{CF8FC602-FD36-41DF-8FC6-08E9BB5593DC}.Release|Any CPU.Build.0 = Release|Any CPU
		{CF8FC602-FD36-41DF-8FC6-08E9BB5593DC}.Release|Mixed Platforms.ActiveCfg = Release|Any CPU
		{CF8FC602-FD36-41DF-8FC6-08E9BB5593DC}.Release|Mixed Platforms.Build.0 = Release|Any CPU
		{CF8FC602-FD36-41DF-8FC6-08E9BB5593DC}.Release|Win32.ActiveCfg = Release|Any CPU
		{CF8FC602-FD36-41DF-8FC6-08E9BB5593DC}.Release|x86.ActiveCfg = Release|Any CPU
		{F48E8475-21C6-4124-83B7-3536F2E79EA1}.Debug|Any CPU.ActiveCfg = Debug|Any CPU
		{F48E8475-21C6-4124-83B7-3536F2E79EA1}.Debug|Any CPU.Build.0 = Debug|Any CPU
		{F48E8475-21C6-4124-83B7-3536F2E79EA1}.Debug|Mixed Platforms.ActiveCfg = Debug|Any CPU
		{F48E8475-21C6-4124-83B7-3536F2E79EA1}.Debug|Mixed Platforms.Build.0 = Debug|Any CPU
		{F48E8475-21C6-4124-83B7-3536F2E79EA1}.Debug|Win32.ActiveCfg = Debug|Any CPU
		{F48E8475-21C6-4124-83B7-3536F2E79EA1}.Debug|x86.ActiveCfg = Debug|Any CPU
		{F48E8475-21C6-4124-83B7-3536F2E79EA1}.Release|Any CPU.ActiveCfg = Release|Any CPU
		{F48E8475-21C6-4124-83B7-3536F2E79EA1}.Release|Any CPU.Build.0 = Release|Any CPU
		{F48E8475-21C6-4124-83B7-3536F2E79EA1}.Release|Mixed Platforms.ActiveCfg = Release|Any CPU
		{F48E8475-21C6-4124-83B7-3536F2E79EA1}.Release|Mixed Platforms.Build.0 = Release|Any CPU
		{F48E8475-21C6-4124-83B7-3536F2E79EA1}.Release|Win32.ActiveCfg = Release|Any CPU
		{F48E8475-21C6-4124-83B7-3536F2E79EA1}.Release|x86.ActiveCfg = Release|Any CPU
		{316AE104-9284-4BE8-B3F7-5C5EC74B9C80}.Debug|Any CPU.ActiveCfg = Debug|Any CPU
		{316AE104-9284-4BE8-B3F7-5C5EC74B9C80}.Debug|Any CPU.Build.0 = Debug|Any CPU
		{316AE104-9284-4BE8-B3F7-5C5EC74B9C80}.Debug|Mixed Platforms.ActiveCfg = Debug|Any CPU
		{316AE104-9284-4BE8-B3F7-5C5EC74B9C80}.Debug|Mixed Platforms.Build.0 = Debug|Any CPU
		{316AE104-9284-4BE8-B3F7-5C5EC74B9C80}.Debug|Win32.ActiveCfg = Debug|Any CPU
		{316AE104-9284-4BE8-B3F7-5C5EC74B9C80}.Debug|x86.ActiveCfg = Debug|Any CPU
		{316AE104-9284-4BE8-B3F7-5C5EC74B9C80}.Release|Any CPU.ActiveCfg = Release|Any CPU
		{316AE104-9284-4BE8-B3F7-5C5EC74B9C80}.Release|Any CPU.Build.0 = Release|Any CPU
		{316AE104-9284-4BE8-B3F7-5C5EC74B9C80}.Release|Mixed Platforms.ActiveCfg = Release|Any CPU
		{316AE104-9284-4BE8-B3F7-5C5EC74B9C80}.Release|Mixed Platforms.Build.0 = Release|Any CPU
		{316AE104-9284-4BE8-B3F7-5C5EC74B9C80}.Release|Win32.ActiveCfg = Release|Any CPU
		{316AE104-9284-4BE8-B3F7-5C5EC74B9C80}.Release|x86.ActiveCfg = Release|Any CPU
	EndGlobalSection
	GlobalSection(SolutionProperties) = preSolution
		HideSolutionNode = FALSE
	EndGlobalSection
	GlobalSection(NestedProjects) = preSolution
		{0B6C0F3A-56DE-4813-B245-0921A15168B3} = {23B9B64F-7A1C-433B-A16B-10395BAA390E}
		{AD69D348-6C77-45A1-A4C5-85F431AC8D92} = {23B9B64F-7A1C-433B-A16B-10395BAA390E}
		{3517D935-D619-4821-A127-BF657789BCC1} = {23B9B64F-7A1C-433B-A16B-10395BAA390E}
		{7BD21B80-465D-46F3-8FEF-04A7BEFD83BC} = {0B6C0F3A-56DE-4813-B245-0921A15168B3}
		{1DA3517F-24BC-4FB9-9121-F418B12B1C4A} = {AD69D348-6C77-45A1-A4C5-85F431AC8D92}
		{DF5FAE84-D72B-44DF-B646-EA3FBE436732} = {93FF5D97-0985-4C02-BCBB-956887399E1A}
		{5D60C1BB-506C-4A0A-8561-C1669FAFBC5B} = {93FF5D97-0985-4C02-BCBB-956887399E1A}
		{059527B2-32AF-4983-A27F-12407C88BE0B} = {93FF5D97-0985-4C02-BCBB-956887399E1A}
		{CF8FC602-FD36-41DF-8FC6-08E9BB5593DC} = {93FF5D97-0985-4C02-BCBB-956887399E1A}
		{316AE104-9284-4BE8-B3F7-5C5EC74B9C80} = {93FF5D97-0985-4C02-BCBB-956887399E1A}
		{2104F696-0FF2-4634-89D1-56613AEB7E7C} = {C451BA94-EFDF-4E0B-A393-F91AB53BE283}
		{0EE75EE2-B71D-4C7F-BB2C-A7C05E7DFEAD} = {C451BA94-EFDF-4E0B-A393-F91AB53BE283}
		{203D4274-0E59-4FC7-BAD2-6A07B102A197} = {C451BA94-EFDF-4E0B-A393-F91AB53BE283}
		{9AC5081A-26D7-4521-A7DA-80F548BD25C8} = {203D4274-0E59-4FC7-BAD2-6A07B102A197}
		{723B95B1-1CF4-4B03-80B9-07388CDEAD4D} = {203D4274-0E59-4FC7-BAD2-6A07B102A197}
		{FB5E60DF-0250-47E0-A601-11FC9C91135B} = {203D4274-0E59-4FC7-BAD2-6A07B102A197}
		{C31DDEDA-CA54-4D48-AF8B-5484F22EF11D} = {203D4274-0E59-4FC7-BAD2-6A07B102A197}
		{F0D751C6-A209-48BF-93F9-E368165A4FE3} = {203D4274-0E59-4FC7-BAD2-6A07B102A197}
		{9F894DD5-05A7-4FE1-8D4C-57E24A5A7696} = {203D4274-0E59-4FC7-BAD2-6A07B102A197}
		{DDC374BB-1E68-45E1-B81F-9D51A5C32714} = {203D4274-0E59-4FC7-BAD2-6A07B102A197}
		{20B137CC-2EF3-402B-8E29-7E38E6606F13} = {203D4274-0E59-4FC7-BAD2-6A07B102A197}
		{4A69EB8E-6E49-415C-ACB4-9CB904EA54DB} = {CE8D7F5C-FFBD-4B39-8A42-A33157350FBA}
		{E27F975A-EE9E-4DA4-ACDF-995FF6E752B5} = {CE8D7F5C-FFBD-4B39-8A42-A33157350FBA}
		{E2696BD7-6F39-482A-98C3-76E4B221DA05} = {29E702E0-9047-4CAB-BAC9-B9BFCD17BC62}
		{F48E8475-21C6-4124-83B7-3536F2E79EA1} = {3517D935-D619-4821-A127-BF657789BCC1}
	EndGlobalSection
	GlobalSection(ExtensibilityGlobals) = postSolution
		BuildVersion_StartDate = 2011/2/18
		BuildVersion_BuildVersioningStyle = None.None.Increment.YearDayOfYear
	EndGlobalSection
	GlobalSection(MonoDevelopProperties) = preSolution
		StartupItem = Tests\InVision.Rendering.Launcher\InVision.Rendering.Launcher.csproj
	EndGlobalSection
EndGlobal
