
Microsoft Visual Studio Solution File, Format Version 11.00
# Visual Studio 2010
Project("{2150E333-8FDC-42A3-9474-1A3956D46DE8}") = "Tests", "Tests", "{23B9B64F-7A1C-433B-A16B-10395BAA390E}"
EndProject
Project("{FAE04EC0-301F-11D3-BF4B-00C04F79EFBC}") = "InVision", "InVision\InVision.csproj", "{4A69EB8E-6E49-415C-ACB4-9CB904EA54DB}"
EndProject
Project("{FAE04EC0-301F-11D3-BF4B-00C04F79EFBC}") = "InVision.TutorialFx", "InVision.TutorialFx\InVision.TutorialFx.csproj", "{0EE75EE2-B71D-4C7F-BB2C-A7C05E7DFEAD}"
EndProject
Project("{FAE04EC0-301F-11D3-BF4B-00C04F79EFBC}") = "InVision.OIS", "InVision.OIS\InVision.OIS.csproj", "{059527B2-32AF-4983-A27F-12407C88BE0B}"
EndProject
Project("{FAE04EC0-301F-11D3-BF4B-00C04F79EFBC}") = "InVision.Bullet", "InVision.Bullet\InVision.Bullet.csproj", "{DF5FAE84-D72B-44DF-B646-EA3FBE436732}"
EndProject
Project("{FAE04EC0-301F-11D3-BF4B-00C04F79EFBC}") = "InVision.OIS.FunctionalTest", "Tests\InVision.OIS.FunctionalTest\InVision.OIS.FunctionalTest.csproj", "{DECA1171-7667-4E30-BE1F-C577FDD70E3C}"
EndProject
Project("{FAE04EC0-301F-11D3-BF4B-00C04F79EFBC}") = "InVision.OIS.Tests", "Tests\InVision.OIS.Tests\InVision.OIS.Tests.csproj", "{A4241C70-B3AB-4A8D-AC13-9F097B3E12CC}"
EndProject
Project("{FAE04EC0-301F-11D3-BF4B-00C04F79EFBC}") = "InVision.Ogre", "InVision.Ogre\InVision.Ogre.csproj", "{5D60C1BB-506C-4A0A-8561-C1669FAFBC5B}"
EndProject
Project("{FAE04EC0-301F-11D3-BF4B-00C04F79EFBC}") = "InVision.Framework", "InVision.Framework\InVision.Framework.csproj", "{2104F696-0FF2-4634-89D1-56613AEB7E7C}"
EndProject
Project("{2150E333-8FDC-42A3-9474-1A3956D46DE8}") = "Bindings", "Bindings", "{93FF5D97-0985-4C02-BCBB-956887399E1A}"
EndProject
Project("{2150E333-8FDC-42A3-9474-1A3956D46DE8}") = "Framework", "Framework", "{C451BA94-EFDF-4E0B-A393-F91AB53BE283}"
EndProject
Project("{2150E333-8FDC-42A3-9474-1A3956D46DE8}") = "Base", "Base", "{CE8D7F5C-FFBD-4B39-8A42-A33157350FBA}"
EndProject
Project("{FAE04EC0-301F-11D3-BF4B-00C04F79EFBC}") = "Bullet.HelloWorld", "Tests\Bullet\Bullet.HelloWorld\Bullet.HelloWorld.csproj", "{7BD21B80-465D-46F3-8FEF-04A7BEFD83BC}"
EndProject
Project("{2150E333-8FDC-42A3-9474-1A3956D46DE8}") = "Bullet", "Bullet", "{0B6C0F3A-56DE-4813-B245-0921A15168B3}"
EndProject
Global
	GlobalSection(SolutionConfigurationPlatforms) = preSolution
		Debug x86|Any CPU = Debug x86|Any CPU
		Debug x86|Mixed Platforms = Debug x86|Mixed Platforms
		Debug x86|Win32 = Debug x86|Win32
		Debug x86|x86 = Debug x86|x86
		Debug_x86|Any CPU = Debug_x86|Any CPU
		Debug_x86|Mixed Platforms = Debug_x86|Mixed Platforms
		Debug_x86|Win32 = Debug_x86|Win32
		Debug_x86|x86 = Debug_x86|x86
		Debug|Any CPU = Debug|Any CPU
		Debug|Mixed Platforms = Debug|Mixed Platforms
		Debug|Win32 = Debug|Win32
		Debug|x86 = Debug|x86
		Release x86|Any CPU = Release x86|Any CPU
		Release x86|Mixed Platforms = Release x86|Mixed Platforms
		Release x86|Win32 = Release x86|Win32
		Release x86|x86 = Release x86|x86
		Release_x86|Any CPU = Release_x86|Any CPU
		Release_x86|Mixed Platforms = Release_x86|Mixed Platforms
		Release_x86|Win32 = Release_x86|Win32
		Release_x86|x86 = Release_x86|x86
		Release|Any CPU = Release|Any CPU
		Release|Mixed Platforms = Release|Mixed Platforms
		Release|Win32 = Release|Win32
		Release|x86 = Release|x86
	EndGlobalSection
	GlobalSection(ProjectConfigurationPlatforms) = postSolution
		{4A69EB8E-6E49-415C-ACB4-9CB904EA54DB}.Debug x86|Any CPU.ActiveCfg = Debug x86|Any CPU
		{4A69EB8E-6E49-415C-ACB4-9CB904EA54DB}.Debug x86|Any CPU.Build.0 = Debug x86|Any CPU
		{4A69EB8E-6E49-415C-ACB4-9CB904EA54DB}.Debug x86|Mixed Platforms.ActiveCfg = Debug x86|Any CPU
		{4A69EB8E-6E49-415C-ACB4-9CB904EA54DB}.Debug x86|Mixed Platforms.Build.0 = Debug x86|Any CPU
		{4A69EB8E-6E49-415C-ACB4-9CB904EA54DB}.Debug x86|Win32.ActiveCfg = Debug x86|Any CPU
		{4A69EB8E-6E49-415C-ACB4-9CB904EA54DB}.Debug x86|x86.ActiveCfg = Debug x86|Any CPU
		{4A69EB8E-6E49-415C-ACB4-9CB904EA54DB}.Debug_x86|Any CPU.ActiveCfg = Debug_x86|Any CPU
		{4A69EB8E-6E49-415C-ACB4-9CB904EA54DB}.Debug_x86|Any CPU.Build.0 = Debug_x86|Any CPU
		{4A69EB8E-6E49-415C-ACB4-9CB904EA54DB}.Debug_x86|Mixed Platforms.ActiveCfg = Debug_x86|Any CPU
		{4A69EB8E-6E49-415C-ACB4-9CB904EA54DB}.Debug_x86|Mixed Platforms.Build.0 = Debug_x86|Any CPU
		{4A69EB8E-6E49-415C-ACB4-9CB904EA54DB}.Debug_x86|Win32.ActiveCfg = Debug_x86|Any CPU
		{4A69EB8E-6E49-415C-ACB4-9CB904EA54DB}.Debug_x86|x86.ActiveCfg = Debug_x86|Any CPU
		{4A69EB8E-6E49-415C-ACB4-9CB904EA54DB}.Debug|Any CPU.ActiveCfg = Debug|Any CPU
		{4A69EB8E-6E49-415C-ACB4-9CB904EA54DB}.Debug|Any CPU.Build.0 = Debug|Any CPU
		{4A69EB8E-6E49-415C-ACB4-9CB904EA54DB}.Debug|Mixed Platforms.ActiveCfg = Debug|Any CPU
		{4A69EB8E-6E49-415C-ACB4-9CB904EA54DB}.Debug|Mixed Platforms.Build.0 = Debug|Any CPU
		{4A69EB8E-6E49-415C-ACB4-9CB904EA54DB}.Debug|Win32.ActiveCfg = Debug|Any CPU
		{4A69EB8E-6E49-415C-ACB4-9CB904EA54DB}.Debug|x86.ActiveCfg = Debug|Any CPU
		{4A69EB8E-6E49-415C-ACB4-9CB904EA54DB}.Release x86|Any CPU.ActiveCfg = Release x86|Any CPU
		{4A69EB8E-6E49-415C-ACB4-9CB904EA54DB}.Release x86|Any CPU.Build.0 = Release x86|Any CPU
		{4A69EB8E-6E49-415C-ACB4-9CB904EA54DB}.Release x86|Mixed Platforms.ActiveCfg = Release x86|Any CPU
		{4A69EB8E-6E49-415C-ACB4-9CB904EA54DB}.Release x86|Mixed Platforms.Build.0 = Release x86|Any CPU
		{4A69EB8E-6E49-415C-ACB4-9CB904EA54DB}.Release x86|Win32.ActiveCfg = Release x86|Any CPU
		{4A69EB8E-6E49-415C-ACB4-9CB904EA54DB}.Release x86|x86.ActiveCfg = Release x86|Any CPU
		{4A69EB8E-6E49-415C-ACB4-9CB904EA54DB}.Release_x86|Any CPU.ActiveCfg = Release_x86|Any CPU
		{4A69EB8E-6E49-415C-ACB4-9CB904EA54DB}.Release_x86|Any CPU.Build.0 = Release_x86|Any CPU
		{4A69EB8E-6E49-415C-ACB4-9CB904EA54DB}.Release_x86|Mixed Platforms.ActiveCfg = Release_x86|Any CPU
		{4A69EB8E-6E49-415C-ACB4-9CB904EA54DB}.Release_x86|Mixed Platforms.Build.0 = Release_x86|Any CPU
		{4A69EB8E-6E49-415C-ACB4-9CB904EA54DB}.Release_x86|Win32.ActiveCfg = Release_x86|Any CPU
		{4A69EB8E-6E49-415C-ACB4-9CB904EA54DB}.Release_x86|x86.ActiveCfg = Release_x86|Any CPU
		{4A69EB8E-6E49-415C-ACB4-9CB904EA54DB}.Release|Any CPU.ActiveCfg = Release|Any CPU
		{4A69EB8E-6E49-415C-ACB4-9CB904EA54DB}.Release|Any CPU.Build.0 = Release|Any CPU
		{4A69EB8E-6E49-415C-ACB4-9CB904EA54DB}.Release|Mixed Platforms.ActiveCfg = Release|Any CPU
		{4A69EB8E-6E49-415C-ACB4-9CB904EA54DB}.Release|Mixed Platforms.Build.0 = Release|Any CPU
		{4A69EB8E-6E49-415C-ACB4-9CB904EA54DB}.Release|Win32.ActiveCfg = Release|Any CPU
		{4A69EB8E-6E49-415C-ACB4-9CB904EA54DB}.Release|x86.ActiveCfg = Release|Any CPU
		{0EE75EE2-B71D-4C7F-BB2C-A7C05E7DFEAD}.Debug x86|Any CPU.ActiveCfg = Debug|Any CPU
		{0EE75EE2-B71D-4C7F-BB2C-A7C05E7DFEAD}.Debug x86|Any CPU.Build.0 = Debug|Any CPU
		{0EE75EE2-B71D-4C7F-BB2C-A7C05E7DFEAD}.Debug x86|Mixed Platforms.ActiveCfg = Debug|Any CPU
		{0EE75EE2-B71D-4C7F-BB2C-A7C05E7DFEAD}.Debug x86|Mixed Platforms.Build.0 = Debug|Any CPU
		{0EE75EE2-B71D-4C7F-BB2C-A7C05E7DFEAD}.Debug x86|Win32.ActiveCfg = Debug|Any CPU
		{0EE75EE2-B71D-4C7F-BB2C-A7C05E7DFEAD}.Debug x86|x86.ActiveCfg = Debug|Any CPU
		{0EE75EE2-B71D-4C7F-BB2C-A7C05E7DFEAD}.Debug_x86|Any CPU.ActiveCfg = Debug|Any CPU
		{0EE75EE2-B71D-4C7F-BB2C-A7C05E7DFEAD}.Debug_x86|Mixed Platforms.ActiveCfg = Debug|Any CPU
		{0EE75EE2-B71D-4C7F-BB2C-A7C05E7DFEAD}.Debug_x86|Win32.ActiveCfg = Debug|Any CPU
		{0EE75EE2-B71D-4C7F-BB2C-A7C05E7DFEAD}.Debug_x86|x86.ActiveCfg = Debug|Any CPU
		{0EE75EE2-B71D-4C7F-BB2C-A7C05E7DFEAD}.Debug|Any CPU.ActiveCfg = Debug|Any CPU
		{0EE75EE2-B71D-4C7F-BB2C-A7C05E7DFEAD}.Debug|Any CPU.Build.0 = Debug|Any CPU
		{0EE75EE2-B71D-4C7F-BB2C-A7C05E7DFEAD}.Debug|Mixed Platforms.ActiveCfg = Debug|Any CPU
		{0EE75EE2-B71D-4C7F-BB2C-A7C05E7DFEAD}.Debug|Mixed Platforms.Build.0 = Debug|Any CPU
		{0EE75EE2-B71D-4C7F-BB2C-A7C05E7DFEAD}.Debug|Win32.ActiveCfg = Debug|Any CPU
		{0EE75EE2-B71D-4C7F-BB2C-A7C05E7DFEAD}.Debug|x86.ActiveCfg = Debug|Any CPU
		{0EE75EE2-B71D-4C7F-BB2C-A7C05E7DFEAD}.Release x86|Any CPU.ActiveCfg = Release|Any CPU
		{0EE75EE2-B71D-4C7F-BB2C-A7C05E7DFEAD}.Release x86|Any CPU.Build.0 = Release|Any CPU
		{0EE75EE2-B71D-4C7F-BB2C-A7C05E7DFEAD}.Release x86|Mixed Platforms.ActiveCfg = Release|Any CPU
		{0EE75EE2-B71D-4C7F-BB2C-A7C05E7DFEAD}.Release x86|Mixed Platforms.Build.0 = Release|Any CPU
		{0EE75EE2-B71D-4C7F-BB2C-A7C05E7DFEAD}.Release x86|Win32.ActiveCfg = Release|Any CPU
		{0EE75EE2-B71D-4C7F-BB2C-A7C05E7DFEAD}.Release x86|x86.ActiveCfg = Release|Any CPU
		{0EE75EE2-B71D-4C7F-BB2C-A7C05E7DFEAD}.Release_x86|Any CPU.ActiveCfg = Release|Any CPU
		{0EE75EE2-B71D-4C7F-BB2C-A7C05E7DFEAD}.Release_x86|Mixed Platforms.ActiveCfg = Release|Any CPU
		{0EE75EE2-B71D-4C7F-BB2C-A7C05E7DFEAD}.Release_x86|Win32.ActiveCfg = Release|Any CPU
		{0EE75EE2-B71D-4C7F-BB2C-A7C05E7DFEAD}.Release_x86|x86.ActiveCfg = Release|Any CPU
		{0EE75EE2-B71D-4C7F-BB2C-A7C05E7DFEAD}.Release|Any CPU.ActiveCfg = Release|Any CPU
		{0EE75EE2-B71D-4C7F-BB2C-A7C05E7DFEAD}.Release|Any CPU.Build.0 = Release|Any CPU
		{0EE75EE2-B71D-4C7F-BB2C-A7C05E7DFEAD}.Release|Mixed Platforms.ActiveCfg = Release|Any CPU
		{0EE75EE2-B71D-4C7F-BB2C-A7C05E7DFEAD}.Release|Mixed Platforms.Build.0 = Release|Any CPU
		{0EE75EE2-B71D-4C7F-BB2C-A7C05E7DFEAD}.Release|Win32.ActiveCfg = Release|Any CPU
		{0EE75EE2-B71D-4C7F-BB2C-A7C05E7DFEAD}.Release|x86.ActiveCfg = Release|Any CPU
		{059527B2-32AF-4983-A27F-12407C88BE0B}.Debug x86|Any CPU.ActiveCfg = Debug x86|Any CPU
		{059527B2-32AF-4983-A27F-12407C88BE0B}.Debug x86|Any CPU.Build.0 = Debug x86|Any CPU
		{059527B2-32AF-4983-A27F-12407C88BE0B}.Debug x86|Mixed Platforms.ActiveCfg = Debug x86|Any CPU
		{059527B2-32AF-4983-A27F-12407C88BE0B}.Debug x86|Mixed Platforms.Build.0 = Debug x86|Any CPU
		{059527B2-32AF-4983-A27F-12407C88BE0B}.Debug x86|Win32.ActiveCfg = Debug x86|Any CPU
		{059527B2-32AF-4983-A27F-12407C88BE0B}.Debug x86|x86.ActiveCfg = Debug x86|Any CPU
		{059527B2-32AF-4983-A27F-12407C88BE0B}.Debug_x86|Any CPU.ActiveCfg = Debug_x86|Any CPU
		{059527B2-32AF-4983-A27F-12407C88BE0B}.Debug_x86|Any CPU.Build.0 = Debug_x86|Any CPU
		{059527B2-32AF-4983-A27F-12407C88BE0B}.Debug_x86|Mixed Platforms.ActiveCfg = Debug_x86|Any CPU
		{059527B2-32AF-4983-A27F-12407C88BE0B}.Debug_x86|Mixed Platforms.Build.0 = Debug_x86|Any CPU
		{059527B2-32AF-4983-A27F-12407C88BE0B}.Debug_x86|Win32.ActiveCfg = Debug_x86|Any CPU
		{059527B2-32AF-4983-A27F-12407C88BE0B}.Debug_x86|x86.ActiveCfg = Debug_x86|Any CPU
		{059527B2-32AF-4983-A27F-12407C88BE0B}.Debug|Any CPU.ActiveCfg = Debug|Any CPU
		{059527B2-32AF-4983-A27F-12407C88BE0B}.Debug|Any CPU.Build.0 = Debug|Any CPU
		{059527B2-32AF-4983-A27F-12407C88BE0B}.Debug|Mixed Platforms.ActiveCfg = Debug|Any CPU
		{059527B2-32AF-4983-A27F-12407C88BE0B}.Debug|Mixed Platforms.Build.0 = Debug|Any CPU
		{059527B2-32AF-4983-A27F-12407C88BE0B}.Debug|Win32.ActiveCfg = Debug|Any CPU
		{059527B2-32AF-4983-A27F-12407C88BE0B}.Debug|x86.ActiveCfg = Debug|Any CPU
		{059527B2-32AF-4983-A27F-12407C88BE0B}.Release x86|Any CPU.ActiveCfg = Release x86|Any CPU
		{059527B2-32AF-4983-A27F-12407C88BE0B}.Release x86|Any CPU.Build.0 = Release x86|Any CPU
		{059527B2-32AF-4983-A27F-12407C88BE0B}.Release x86|Mixed Platforms.ActiveCfg = Release x86|Any CPU
		{059527B2-32AF-4983-A27F-12407C88BE0B}.Release x86|Mixed Platforms.Build.0 = Release x86|Any CPU
		{059527B2-32AF-4983-A27F-12407C88BE0B}.Release x86|Win32.ActiveCfg = Release x86|Any CPU
		{059527B2-32AF-4983-A27F-12407C88BE0B}.Release x86|x86.ActiveCfg = Release x86|Any CPU
		{059527B2-32AF-4983-A27F-12407C88BE0B}.Release_x86|Any CPU.ActiveCfg = Release_x86|Any CPU
		{059527B2-32AF-4983-A27F-12407C88BE0B}.Release_x86|Any CPU.Build.0 = Release_x86|Any CPU
		{059527B2-32AF-4983-A27F-12407C88BE0B}.Release_x86|Mixed Platforms.ActiveCfg = Release_x86|Any CPU
		{059527B2-32AF-4983-A27F-12407C88BE0B}.Release_x86|Mixed Platforms.Build.0 = Release_x86|Any CPU
		{059527B2-32AF-4983-A27F-12407C88BE0B}.Release_x86|Win32.ActiveCfg = Release_x86|Any CPU
		{059527B2-32AF-4983-A27F-12407C88BE0B}.Release_x86|x86.ActiveCfg = Release_x86|Any CPU
		{059527B2-32AF-4983-A27F-12407C88BE0B}.Release|Any CPU.ActiveCfg = Release|Any CPU
		{059527B2-32AF-4983-A27F-12407C88BE0B}.Release|Any CPU.Build.0 = Release|Any CPU
		{059527B2-32AF-4983-A27F-12407C88BE0B}.Release|Mixed Platforms.ActiveCfg = Release|Any CPU
		{059527B2-32AF-4983-A27F-12407C88BE0B}.Release|Mixed Platforms.Build.0 = Release|Any CPU
		{059527B2-32AF-4983-A27F-12407C88BE0B}.Release|Win32.ActiveCfg = Release|Any CPU
		{059527B2-32AF-4983-A27F-12407C88BE0B}.Release|x86.ActiveCfg = Release|Any CPU
		{DF5FAE84-D72B-44DF-B646-EA3FBE436732}.Debug x86|Any CPU.ActiveCfg = Debug x86|Any CPU
		{DF5FAE84-D72B-44DF-B646-EA3FBE436732}.Debug x86|Any CPU.Build.0 = Debug x86|Any CPU
		{DF5FAE84-D72B-44DF-B646-EA3FBE436732}.Debug x86|Mixed Platforms.ActiveCfg = Debug x86|Any CPU
		{DF5FAE84-D72B-44DF-B646-EA3FBE436732}.Debug x86|Mixed Platforms.Build.0 = Debug x86|Any CPU
		{DF5FAE84-D72B-44DF-B646-EA3FBE436732}.Debug x86|Win32.ActiveCfg = Debug x86|Any CPU
		{DF5FAE84-D72B-44DF-B646-EA3FBE436732}.Debug x86|x86.ActiveCfg = Debug x86|Any CPU
		{DF5FAE84-D72B-44DF-B646-EA3FBE436732}.Debug_x86|Any CPU.ActiveCfg = Debug_x86|Any CPU
		{DF5FAE84-D72B-44DF-B646-EA3FBE436732}.Debug_x86|Any CPU.Build.0 = Debug_x86|Any CPU
		{DF5FAE84-D72B-44DF-B646-EA3FBE436732}.Debug_x86|Mixed Platforms.ActiveCfg = Debug_x86|Any CPU
		{DF5FAE84-D72B-44DF-B646-EA3FBE436732}.Debug_x86|Mixed Platforms.Build.0 = Debug_x86|Any CPU
		{DF5FAE84-D72B-44DF-B646-EA3FBE436732}.Debug_x86|Win32.ActiveCfg = Debug_x86|Any CPU
		{DF5FAE84-D72B-44DF-B646-EA3FBE436732}.Debug_x86|x86.ActiveCfg = Debug_x86|Any CPU
		{DF5FAE84-D72B-44DF-B646-EA3FBE436732}.Debug|Any CPU.ActiveCfg = Debug|Any CPU
		{DF5FAE84-D72B-44DF-B646-EA3FBE436732}.Debug|Any CPU.Build.0 = Debug|Any CPU
		{DF5FAE84-D72B-44DF-B646-EA3FBE436732}.Debug|Mixed Platforms.ActiveCfg = Debug|Any CPU
		{DF5FAE84-D72B-44DF-B646-EA3FBE436732}.Debug|Mixed Platforms.Build.0 = Debug|Any CPU
		{DF5FAE84-D72B-44DF-B646-EA3FBE436732}.Debug|Win32.ActiveCfg = Debug|Any CPU
		{DF5FAE84-D72B-44DF-B646-EA3FBE436732}.Debug|x86.ActiveCfg = Debug|Any CPU
		{DF5FAE84-D72B-44DF-B646-EA3FBE436732}.Release x86|Any CPU.ActiveCfg = Release x86|Any CPU
		{DF5FAE84-D72B-44DF-B646-EA3FBE436732}.Release x86|Any CPU.Build.0 = Release x86|Any CPU
		{DF5FAE84-D72B-44DF-B646-EA3FBE436732}.Release x86|Mixed Platforms.ActiveCfg = Release x86|Any CPU
		{DF5FAE84-D72B-44DF-B646-EA3FBE436732}.Release x86|Mixed Platforms.Build.0 = Release x86|Any CPU
		{DF5FAE84-D72B-44DF-B646-EA3FBE436732}.Release x86|Win32.ActiveCfg = Release x86|Any CPU
		{DF5FAE84-D72B-44DF-B646-EA3FBE436732}.Release x86|x86.ActiveCfg = Release x86|Any CPU
		{DF5FAE84-D72B-44DF-B646-EA3FBE436732}.Release_x86|Any CPU.ActiveCfg = Release_x86|Any CPU
		{DF5FAE84-D72B-44DF-B646-EA3FBE436732}.Release_x86|Any CPU.Build.0 = Release_x86|Any CPU
		{DF5FAE84-D72B-44DF-B646-EA3FBE436732}.Release_x86|Mixed Platforms.ActiveCfg = Release_x86|Any CPU
		{DF5FAE84-D72B-44DF-B646-EA3FBE436732}.Release_x86|Mixed Platforms.Build.0 = Release_x86|Any CPU
		{DF5FAE84-D72B-44DF-B646-EA3FBE436732}.Release_x86|Win32.ActiveCfg = Release_x86|Any CPU
		{DF5FAE84-D72B-44DF-B646-EA3FBE436732}.Release_x86|x86.ActiveCfg = Release_x86|Any CPU
		{DF5FAE84-D72B-44DF-B646-EA3FBE436732}.Release|Any CPU.ActiveCfg = Release|Any CPU
		{DF5FAE84-D72B-44DF-B646-EA3FBE436732}.Release|Any CPU.Build.0 = Release|Any CPU
		{DF5FAE84-D72B-44DF-B646-EA3FBE436732}.Release|Mixed Platforms.ActiveCfg = Release|Any CPU
		{DF5FAE84-D72B-44DF-B646-EA3FBE436732}.Release|Mixed Platforms.Build.0 = Release|Any CPU
		{DF5FAE84-D72B-44DF-B646-EA3FBE436732}.Release|Win32.ActiveCfg = Release|Any CPU
		{DF5FAE84-D72B-44DF-B646-EA3FBE436732}.Release|x86.ActiveCfg = Release|Any CPU
		{DECA1171-7667-4E30-BE1F-C577FDD70E3C}.Debug x86|Any CPU.ActiveCfg = Debug x86|x86
		{DECA1171-7667-4E30-BE1F-C577FDD70E3C}.Debug x86|Mixed Platforms.ActiveCfg = Debug x86|x86
		{DECA1171-7667-4E30-BE1F-C577FDD70E3C}.Debug x86|Mixed Platforms.Build.0 = Debug x86|x86
		{DECA1171-7667-4E30-BE1F-C577FDD70E3C}.Debug x86|Win32.ActiveCfg = Debug x86|x86
		{DECA1171-7667-4E30-BE1F-C577FDD70E3C}.Debug x86|x86.ActiveCfg = Debug x86|x86
		{DECA1171-7667-4E30-BE1F-C577FDD70E3C}.Debug x86|x86.Build.0 = Debug x86|x86
		{DECA1171-7667-4E30-BE1F-C577FDD70E3C}.Debug_x86|Any CPU.ActiveCfg = Debug_x86|x86
		{DECA1171-7667-4E30-BE1F-C577FDD70E3C}.Debug_x86|Any CPU.Build.0 = Debug_x86|x86
		{DECA1171-7667-4E30-BE1F-C577FDD70E3C}.Debug_x86|Mixed Platforms.ActiveCfg = Debug_x86|x86
		{DECA1171-7667-4E30-BE1F-C577FDD70E3C}.Debug_x86|Mixed Platforms.Build.0 = Debug_x86|x86
		{DECA1171-7667-4E30-BE1F-C577FDD70E3C}.Debug_x86|Win32.ActiveCfg = Debug_x86|x86
		{DECA1171-7667-4E30-BE1F-C577FDD70E3C}.Debug_x86|x86.ActiveCfg = Debug_x86|x86
		{DECA1171-7667-4E30-BE1F-C577FDD70E3C}.Debug|Any CPU.ActiveCfg = Debug|x86
		{DECA1171-7667-4E30-BE1F-C577FDD70E3C}.Debug|Mixed Platforms.ActiveCfg = Debug|x86
		{DECA1171-7667-4E30-BE1F-C577FDD70E3C}.Debug|Mixed Platforms.Build.0 = Debug|x86
		{DECA1171-7667-4E30-BE1F-C577FDD70E3C}.Debug|Win32.ActiveCfg = Debug|x86
		{DECA1171-7667-4E30-BE1F-C577FDD70E3C}.Debug|x86.ActiveCfg = Debug|x86
		{DECA1171-7667-4E30-BE1F-C577FDD70E3C}.Debug|x86.Build.0 = Debug|x86
		{DECA1171-7667-4E30-BE1F-C577FDD70E3C}.Release x86|Any CPU.ActiveCfg = Release x86|x86
		{DECA1171-7667-4E30-BE1F-C577FDD70E3C}.Release x86|Mixed Platforms.ActiveCfg = Release x86|x86
		{DECA1171-7667-4E30-BE1F-C577FDD70E3C}.Release x86|Mixed Platforms.Build.0 = Release x86|x86
		{DECA1171-7667-4E30-BE1F-C577FDD70E3C}.Release x86|Win32.ActiveCfg = Release x86|x86
		{DECA1171-7667-4E30-BE1F-C577FDD70E3C}.Release x86|x86.ActiveCfg = Release x86|x86
		{DECA1171-7667-4E30-BE1F-C577FDD70E3C}.Release x86|x86.Build.0 = Release x86|x86
		{DECA1171-7667-4E30-BE1F-C577FDD70E3C}.Release_x86|Any CPU.ActiveCfg = Release_x86|x86
		{DECA1171-7667-4E30-BE1F-C577FDD70E3C}.Release_x86|Mixed Platforms.ActiveCfg = Release_x86|x86
		{DECA1171-7667-4E30-BE1F-C577FDD70E3C}.Release_x86|Mixed Platforms.Build.0 = Release_x86|x86
		{DECA1171-7667-4E30-BE1F-C577FDD70E3C}.Release_x86|Win32.ActiveCfg = Release_x86|x86
		{DECA1171-7667-4E30-BE1F-C577FDD70E3C}.Release_x86|x86.ActiveCfg = Release_x86|x86
		{DECA1171-7667-4E30-BE1F-C577FDD70E3C}.Release|Any CPU.ActiveCfg = Release|x86
		{DECA1171-7667-4E30-BE1F-C577FDD70E3C}.Release|Mixed Platforms.ActiveCfg = Release|x86
		{DECA1171-7667-4E30-BE1F-C577FDD70E3C}.Release|Mixed Platforms.Build.0 = Release|x86
		{DECA1171-7667-4E30-BE1F-C577FDD70E3C}.Release|Win32.ActiveCfg = Release|x86
		{DECA1171-7667-4E30-BE1F-C577FDD70E3C}.Release|x86.ActiveCfg = Release|x86
		{DECA1171-7667-4E30-BE1F-C577FDD70E3C}.Release|x86.Build.0 = Release|x86
		{A4241C70-B3AB-4A8D-AC13-9F097B3E12CC}.Debug x86|Any CPU.ActiveCfg = Debug x86|Any CPU
		{A4241C70-B3AB-4A8D-AC13-9F097B3E12CC}.Debug x86|Any CPU.Build.0 = Debug x86|Any CPU
		{A4241C70-B3AB-4A8D-AC13-9F097B3E12CC}.Debug x86|Mixed Platforms.ActiveCfg = Debug x86|Any CPU
		{A4241C70-B3AB-4A8D-AC13-9F097B3E12CC}.Debug x86|Mixed Platforms.Build.0 = Debug x86|Any CPU
		{A4241C70-B3AB-4A8D-AC13-9F097B3E12CC}.Debug x86|Win32.ActiveCfg = Debug x86|Any CPU
		{A4241C70-B3AB-4A8D-AC13-9F097B3E12CC}.Debug x86|x86.ActiveCfg = Debug x86|Any CPU
		{A4241C70-B3AB-4A8D-AC13-9F097B3E12CC}.Debug_x86|Any CPU.ActiveCfg = Debug_x86|Any CPU
		{A4241C70-B3AB-4A8D-AC13-9F097B3E12CC}.Debug_x86|Any CPU.Build.0 = Debug_x86|Any CPU
		{A4241C70-B3AB-4A8D-AC13-9F097B3E12CC}.Debug_x86|Mixed Platforms.ActiveCfg = Debug_x86|Any CPU
		{A4241C70-B3AB-4A8D-AC13-9F097B3E12CC}.Debug_x86|Mixed Platforms.Build.0 = Debug_x86|Any CPU
		{A4241C70-B3AB-4A8D-AC13-9F097B3E12CC}.Debug_x86|Win32.ActiveCfg = Debug_x86|Any CPU
		{A4241C70-B3AB-4A8D-AC13-9F097B3E12CC}.Debug_x86|x86.ActiveCfg = Debug_x86|Any CPU
		{A4241C70-B3AB-4A8D-AC13-9F097B3E12CC}.Debug|Any CPU.ActiveCfg = Debug|Any CPU
		{A4241C70-B3AB-4A8D-AC13-9F097B3E12CC}.Debug|Any CPU.Build.0 = Debug|Any CPU
		{A4241C70-B3AB-4A8D-AC13-9F097B3E12CC}.Debug|Mixed Platforms.ActiveCfg = Debug|Any CPU
		{A4241C70-B3AB-4A8D-AC13-9F097B3E12CC}.Debug|Mixed Platforms.Build.0 = Debug|Any CPU
		{A4241C70-B3AB-4A8D-AC13-9F097B3E12CC}.Debug|Win32.ActiveCfg = Debug|Any CPU
		{A4241C70-B3AB-4A8D-AC13-9F097B3E12CC}.Debug|x86.ActiveCfg = Debug|Any CPU
		{A4241C70-B3AB-4A8D-AC13-9F097B3E12CC}.Release x86|Any CPU.ActiveCfg = Release x86|Any CPU
		{A4241C70-B3AB-4A8D-AC13-9F097B3E12CC}.Release x86|Any CPU.Build.0 = Release x86|Any CPU
		{A4241C70-B3AB-4A8D-AC13-9F097B3E12CC}.Release x86|Mixed Platforms.ActiveCfg = Release x86|Any CPU
		{A4241C70-B3AB-4A8D-AC13-9F097B3E12CC}.Release x86|Mixed Platforms.Build.0 = Release x86|Any CPU
		{A4241C70-B3AB-4A8D-AC13-9F097B3E12CC}.Release x86|Win32.ActiveCfg = Release x86|Any CPU
		{A4241C70-B3AB-4A8D-AC13-9F097B3E12CC}.Release x86|x86.ActiveCfg = Release x86|Any CPU
		{A4241C70-B3AB-4A8D-AC13-9F097B3E12CC}.Release_x86|Any CPU.ActiveCfg = Release_x86|Any CPU
		{A4241C70-B3AB-4A8D-AC13-9F097B3E12CC}.Release_x86|Any CPU.Build.0 = Release_x86|Any CPU
		{A4241C70-B3AB-4A8D-AC13-9F097B3E12CC}.Release_x86|Mixed Platforms.ActiveCfg = Release_x86|Any CPU
		{A4241C70-B3AB-4A8D-AC13-9F097B3E12CC}.Release_x86|Mixed Platforms.Build.0 = Release_x86|Any CPU
		{A4241C70-B3AB-4A8D-AC13-9F097B3E12CC}.Release_x86|Win32.ActiveCfg = Release_x86|Any CPU
		{A4241C70-B3AB-4A8D-AC13-9F097B3E12CC}.Release_x86|x86.ActiveCfg = Release_x86|Any CPU
		{A4241C70-B3AB-4A8D-AC13-9F097B3E12CC}.Release|Any CPU.ActiveCfg = Release|Any CPU
		{A4241C70-B3AB-4A8D-AC13-9F097B3E12CC}.Release|Any CPU.Build.0 = Release|Any CPU
		{A4241C70-B3AB-4A8D-AC13-9F097B3E12CC}.Release|Mixed Platforms.ActiveCfg = Release|Any CPU
		{A4241C70-B3AB-4A8D-AC13-9F097B3E12CC}.Release|Mixed Platforms.Build.0 = Release|Any CPU
		{A4241C70-B3AB-4A8D-AC13-9F097B3E12CC}.Release|Win32.ActiveCfg = Release|Any CPU
		{A4241C70-B3AB-4A8D-AC13-9F097B3E12CC}.Release|x86.ActiveCfg = Release|Any CPU
		{5D60C1BB-506C-4A0A-8561-C1669FAFBC5B}.Debug x86|Any CPU.ActiveCfg = Debug|Any CPU
		{5D60C1BB-506C-4A0A-8561-C1669FAFBC5B}.Debug x86|Any CPU.Build.0 = Debug|Any CPU
		{5D60C1BB-506C-4A0A-8561-C1669FAFBC5B}.Debug x86|Mixed Platforms.ActiveCfg = Debug|Any CPU
		{5D60C1BB-506C-4A0A-8561-C1669FAFBC5B}.Debug x86|Mixed Platforms.Build.0 = Debug|Any CPU
		{5D60C1BB-506C-4A0A-8561-C1669FAFBC5B}.Debug x86|Win32.ActiveCfg = Debug|Any CPU
		{5D60C1BB-506C-4A0A-8561-C1669FAFBC5B}.Debug x86|x86.ActiveCfg = Debug|Any CPU
		{5D60C1BB-506C-4A0A-8561-C1669FAFBC5B}.Debug_x86|Any CPU.ActiveCfg = Debug|Any CPU
		{5D60C1BB-506C-4A0A-8561-C1669FAFBC5B}.Debug_x86|Any CPU.Build.0 = Debug|Any CPU
		{5D60C1BB-506C-4A0A-8561-C1669FAFBC5B}.Debug_x86|Mixed Platforms.ActiveCfg = Debug|Any CPU
		{5D60C1BB-506C-4A0A-8561-C1669FAFBC5B}.Debug_x86|Mixed Platforms.Build.0 = Debug|Any CPU
		{5D60C1BB-506C-4A0A-8561-C1669FAFBC5B}.Debug_x86|Win32.ActiveCfg = Debug|Any CPU
		{5D60C1BB-506C-4A0A-8561-C1669FAFBC5B}.Debug_x86|x86.ActiveCfg = Debug|Any CPU
		{5D60C1BB-506C-4A0A-8561-C1669FAFBC5B}.Debug|Any CPU.ActiveCfg = Debug|Any CPU
		{5D60C1BB-506C-4A0A-8561-C1669FAFBC5B}.Debug|Any CPU.Build.0 = Debug|Any CPU
		{5D60C1BB-506C-4A0A-8561-C1669FAFBC5B}.Debug|Mixed Platforms.ActiveCfg = Debug|Any CPU
		{5D60C1BB-506C-4A0A-8561-C1669FAFBC5B}.Debug|Mixed Platforms.Build.0 = Debug|Any CPU
		{5D60C1BB-506C-4A0A-8561-C1669FAFBC5B}.Debug|Win32.ActiveCfg = Debug|Any CPU
		{5D60C1BB-506C-4A0A-8561-C1669FAFBC5B}.Debug|x86.ActiveCfg = Debug|Any CPU
		{5D60C1BB-506C-4A0A-8561-C1669FAFBC5B}.Release x86|Any CPU.ActiveCfg = Release|Any CPU
		{5D60C1BB-506C-4A0A-8561-C1669FAFBC5B}.Release x86|Any CPU.Build.0 = Release|Any CPU
		{5D60C1BB-506C-4A0A-8561-C1669FAFBC5B}.Release x86|Mixed Platforms.ActiveCfg = Release|Any CPU
		{5D60C1BB-506C-4A0A-8561-C1669FAFBC5B}.Release x86|Mixed Platforms.Build.0 = Release|Any CPU
		{5D60C1BB-506C-4A0A-8561-C1669FAFBC5B}.Release x86|Win32.ActiveCfg = Release|Any CPU
		{5D60C1BB-506C-4A0A-8561-C1669FAFBC5B}.Release x86|x86.ActiveCfg = Release|Any CPU
		{5D60C1BB-506C-4A0A-8561-C1669FAFBC5B}.Release_x86|Any CPU.ActiveCfg = Release|Any CPU
		{5D60C1BB-506C-4A0A-8561-C1669FAFBC5B}.Release_x86|Any CPU.Build.0 = Release|Any CPU
		{5D60C1BB-506C-4A0A-8561-C1669FAFBC5B}.Release_x86|Mixed Platforms.ActiveCfg = Release|Any CPU
		{5D60C1BB-506C-4A0A-8561-C1669FAFBC5B}.Release_x86|Mixed Platforms.Build.0 = Release|Any CPU
		{5D60C1BB-506C-4A0A-8561-C1669FAFBC5B}.Release_x86|Win32.ActiveCfg = Release|Any CPU
		{5D60C1BB-506C-4A0A-8561-C1669FAFBC5B}.Release_x86|x86.ActiveCfg = Release|Any CPU
		{5D60C1BB-506C-4A0A-8561-C1669FAFBC5B}.Release|Any CPU.ActiveCfg = Release|Any CPU
		{5D60C1BB-506C-4A0A-8561-C1669FAFBC5B}.Release|Any CPU.Build.0 = Release|Any CPU
		{5D60C1BB-506C-4A0A-8561-C1669FAFBC5B}.Release|Mixed Platforms.ActiveCfg = Release|Any CPU
		{5D60C1BB-506C-4A0A-8561-C1669FAFBC5B}.Release|Mixed Platforms.Build.0 = Release|Any CPU
		{5D60C1BB-506C-4A0A-8561-C1669FAFBC5B}.Release|Win32.ActiveCfg = Release|Any CPU
		{5D60C1BB-506C-4A0A-8561-C1669FAFBC5B}.Release|x86.ActiveCfg = Release|Any CPU
		{2104F696-0FF2-4634-89D1-56613AEB7E7C}.Debug x86|Any CPU.ActiveCfg = Debug|Any CPU
		{2104F696-0FF2-4634-89D1-56613AEB7E7C}.Debug x86|Any CPU.Build.0 = Debug|Any CPU
		{2104F696-0FF2-4634-89D1-56613AEB7E7C}.Debug x86|Mixed Platforms.ActiveCfg = Debug|Any CPU
		{2104F696-0FF2-4634-89D1-56613AEB7E7C}.Debug x86|Mixed Platforms.Build.0 = Debug|Any CPU
		{2104F696-0FF2-4634-89D1-56613AEB7E7C}.Debug x86|Win32.ActiveCfg = Debug|Any CPU
		{2104F696-0FF2-4634-89D1-56613AEB7E7C}.Debug x86|x86.ActiveCfg = Debug|Any CPU
		{2104F696-0FF2-4634-89D1-56613AEB7E7C}.Debug_x86|Any CPU.ActiveCfg = Debug|Any CPU
		{2104F696-0FF2-4634-89D1-56613AEB7E7C}.Debug_x86|Any CPU.Build.0 = Debug|Any CPU
		{2104F696-0FF2-4634-89D1-56613AEB7E7C}.Debug_x86|Mixed Platforms.ActiveCfg = Debug|Any CPU
		{2104F696-0FF2-4634-89D1-56613AEB7E7C}.Debug_x86|Mixed Platforms.Build.0 = Debug|Any CPU
		{2104F696-0FF2-4634-89D1-56613AEB7E7C}.Debug_x86|Win32.ActiveCfg = Debug|Any CPU
		{2104F696-0FF2-4634-89D1-56613AEB7E7C}.Debug_x86|x86.ActiveCfg = Debug|Any CPU
		{2104F696-0FF2-4634-89D1-56613AEB7E7C}.Debug|Any CPU.ActiveCfg = Debug|Any CPU
		{2104F696-0FF2-4634-89D1-56613AEB7E7C}.Debug|Any CPU.Build.0 = Debug|Any CPU
		{2104F696-0FF2-4634-89D1-56613AEB7E7C}.Debug|Mixed Platforms.ActiveCfg = Debug|Any CPU
		{2104F696-0FF2-4634-89D1-56613AEB7E7C}.Debug|Mixed Platforms.Build.0 = Debug|Any CPU
		{2104F696-0FF2-4634-89D1-56613AEB7E7C}.Debug|Win32.ActiveCfg = Debug|Any CPU
		{2104F696-0FF2-4634-89D1-56613AEB7E7C}.Debug|x86.ActiveCfg = Debug|Any CPU
		{2104F696-0FF2-4634-89D1-56613AEB7E7C}.Release x86|Any CPU.ActiveCfg = Release|Any CPU
		{2104F696-0FF2-4634-89D1-56613AEB7E7C}.Release x86|Any CPU.Build.0 = Release|Any CPU
		{2104F696-0FF2-4634-89D1-56613AEB7E7C}.Release x86|Mixed Platforms.ActiveCfg = Release|Any CPU
		{2104F696-0FF2-4634-89D1-56613AEB7E7C}.Release x86|Mixed Platforms.Build.0 = Release|Any CPU
		{2104F696-0FF2-4634-89D1-56613AEB7E7C}.Release x86|Win32.ActiveCfg = Release|Any CPU
		{2104F696-0FF2-4634-89D1-56613AEB7E7C}.Release x86|x86.ActiveCfg = Release|Any CPU
		{2104F696-0FF2-4634-89D1-56613AEB7E7C}.Release_x86|Any CPU.ActiveCfg = Release|Any CPU
		{2104F696-0FF2-4634-89D1-56613AEB7E7C}.Release_x86|Any CPU.Build.0 = Release|Any CPU
		{2104F696-0FF2-4634-89D1-56613AEB7E7C}.Release_x86|Mixed Platforms.ActiveCfg = Release|Any CPU
		{2104F696-0FF2-4634-89D1-56613AEB7E7C}.Release_x86|Mixed Platforms.Build.0 = Release|Any CPU
		{2104F696-0FF2-4634-89D1-56613AEB7E7C}.Release_x86|Win32.ActiveCfg = Release|Any CPU
		{2104F696-0FF2-4634-89D1-56613AEB7E7C}.Release_x86|x86.ActiveCfg = Release|Any CPU
		{2104F696-0FF2-4634-89D1-56613AEB7E7C}.Release|Any CPU.ActiveCfg = Release|Any CPU
		{2104F696-0FF2-4634-89D1-56613AEB7E7C}.Release|Any CPU.Build.0 = Release|Any CPU
		{2104F696-0FF2-4634-89D1-56613AEB7E7C}.Release|Mixed Platforms.ActiveCfg = Release|Any CPU
		{2104F696-0FF2-4634-89D1-56613AEB7E7C}.Release|Mixed Platforms.Build.0 = Release|Any CPU
		{2104F696-0FF2-4634-89D1-56613AEB7E7C}.Release|Win32.ActiveCfg = Release|Any CPU
		{2104F696-0FF2-4634-89D1-56613AEB7E7C}.Release|x86.ActiveCfg = Release|Any CPU
		{7BD21B80-465D-46F3-8FEF-04A7BEFD83BC}.Debug x86|Any CPU.ActiveCfg = Debug|x86
		{7BD21B80-465D-46F3-8FEF-04A7BEFD83BC}.Debug x86|Mixed Platforms.ActiveCfg = Debug|x86
		{7BD21B80-465D-46F3-8FEF-04A7BEFD83BC}.Debug x86|Mixed Platforms.Build.0 = Debug|x86
		{7BD21B80-465D-46F3-8FEF-04A7BEFD83BC}.Debug x86|Win32.ActiveCfg = Debug|x86
		{7BD21B80-465D-46F3-8FEF-04A7BEFD83BC}.Debug x86|x86.ActiveCfg = Debug|x86
		{7BD21B80-465D-46F3-8FEF-04A7BEFD83BC}.Debug x86|x86.Build.0 = Debug|x86
		{7BD21B80-465D-46F3-8FEF-04A7BEFD83BC}.Debug_x86|Any CPU.ActiveCfg = Debug|x86
		{7BD21B80-465D-46F3-8FEF-04A7BEFD83BC}.Debug_x86|Any CPU.Build.0 = Debug|x86
		{7BD21B80-465D-46F3-8FEF-04A7BEFD83BC}.Debug_x86|Mixed Platforms.ActiveCfg = Debug|x86
		{7BD21B80-465D-46F3-8FEF-04A7BEFD83BC}.Debug_x86|Mixed Platforms.Build.0 = Debug|x86
		{7BD21B80-465D-46F3-8FEF-04A7BEFD83BC}.Debug_x86|Win32.ActiveCfg = Debug|x86
		{7BD21B80-465D-46F3-8FEF-04A7BEFD83BC}.Debug_x86|x86.ActiveCfg = Debug|x86
		{7BD21B80-465D-46F3-8FEF-04A7BEFD83BC}.Debug_x86|x86.Build.0 = Debug|x86
		{7BD21B80-465D-46F3-8FEF-04A7BEFD83BC}.Debug|Any CPU.ActiveCfg = Debug|x86
		{7BD21B80-465D-46F3-8FEF-04A7BEFD83BC}.Debug|Mixed Platforms.ActiveCfg = Debug|x86
		{7BD21B80-465D-46F3-8FEF-04A7BEFD83BC}.Debug|Mixed Platforms.Build.0 = Debug|x86
		{7BD21B80-465D-46F3-8FEF-04A7BEFD83BC}.Debug|Win32.ActiveCfg = Debug|x86
		{7BD21B80-465D-46F3-8FEF-04A7BEFD83BC}.Debug|x86.ActiveCfg = Debug|x86
		{7BD21B80-465D-46F3-8FEF-04A7BEFD83BC}.Debug|x86.Build.0 = Debug|x86
		{7BD21B80-465D-46F3-8FEF-04A7BEFD83BC}.Release x86|Any CPU.ActiveCfg = Release|x86
		{7BD21B80-465D-46F3-8FEF-04A7BEFD83BC}.Release x86|Mixed Platforms.ActiveCfg = Release|x86
		{7BD21B80-465D-46F3-8FEF-04A7BEFD83BC}.Release x86|Mixed Platforms.Build.0 = Release|x86
		{7BD21B80-465D-46F3-8FEF-04A7BEFD83BC}.Release x86|Win32.ActiveCfg = Release|x86
		{7BD21B80-465D-46F3-8FEF-04A7BEFD83BC}.Release x86|x86.ActiveCfg = Release|x86
		{7BD21B80-465D-46F3-8FEF-04A7BEFD83BC}.Release x86|x86.Build.0 = Release|x86
		{7BD21B80-465D-46F3-8FEF-04A7BEFD83BC}.Release_x86|Any CPU.ActiveCfg = Release|x86
		{7BD21B80-465D-46F3-8FEF-04A7BEFD83BC}.Release_x86|Mixed Platforms.ActiveCfg = Release|x86
		{7BD21B80-465D-46F3-8FEF-04A7BEFD83BC}.Release_x86|Mixed Platforms.Build.0 = Release|x86
		{7BD21B80-465D-46F3-8FEF-04A7BEFD83BC}.Release_x86|Win32.ActiveCfg = Release|x86
		{7BD21B80-465D-46F3-8FEF-04A7BEFD83BC}.Release_x86|x86.ActiveCfg = Release|x86
		{7BD21B80-465D-46F3-8FEF-04A7BEFD83BC}.Release_x86|x86.Build.0 = Release|x86
		{7BD21B80-465D-46F3-8FEF-04A7BEFD83BC}.Release|Any CPU.ActiveCfg = Release|x86
		{7BD21B80-465D-46F3-8FEF-04A7BEFD83BC}.Release|Mixed Platforms.ActiveCfg = Release|x86
		{7BD21B80-465D-46F3-8FEF-04A7BEFD83BC}.Release|Mixed Platforms.Build.0 = Release|x86
		{7BD21B80-465D-46F3-8FEF-04A7BEFD83BC}.Release|Win32.ActiveCfg = Release|x86
		{7BD21B80-465D-46F3-8FEF-04A7BEFD83BC}.Release|x86.ActiveCfg = Release|x86
		{7BD21B80-465D-46F3-8FEF-04A7BEFD83BC}.Release|x86.Build.0 = Release|x86
	EndGlobalSection
	GlobalSection(SolutionProperties) = preSolution
		HideSolutionNode = FALSE
	EndGlobalSection
	GlobalSection(NestedProjects) = preSolution
		{DECA1171-7667-4E30-BE1F-C577FDD70E3C} = {23B9B64F-7A1C-433B-A16B-10395BAA390E}
		{A4241C70-B3AB-4A8D-AC13-9F097B3E12CC} = {23B9B64F-7A1C-433B-A16B-10395BAA390E}
		{0B6C0F3A-56DE-4813-B245-0921A15168B3} = {23B9B64F-7A1C-433B-A16B-10395BAA390E}
		{4A69EB8E-6E49-415C-ACB4-9CB904EA54DB} = {CE8D7F5C-FFBD-4B39-8A42-A33157350FBA}
		{2104F696-0FF2-4634-89D1-56613AEB7E7C} = {C451BA94-EFDF-4E0B-A393-F91AB53BE283}
		{0EE75EE2-B71D-4C7F-BB2C-A7C05E7DFEAD} = {C451BA94-EFDF-4E0B-A393-F91AB53BE283}
		{DF5FAE84-D72B-44DF-B646-EA3FBE436732} = {93FF5D97-0985-4C02-BCBB-956887399E1A}
		{5D60C1BB-506C-4A0A-8561-C1669FAFBC5B} = {93FF5D97-0985-4C02-BCBB-956887399E1A}
		{059527B2-32AF-4983-A27F-12407C88BE0B} = {93FF5D97-0985-4C02-BCBB-956887399E1A}
		{7BD21B80-465D-46F3-8FEF-04A7BEFD83BC} = {0B6C0F3A-56DE-4813-B245-0921A15168B3}
	EndGlobalSection
	GlobalSection(ExtensibilityGlobals) = postSolution
		BuildVersion_StartDate = 2011/2/18
		BuildVersion_BuildVersioningStyle = None.None.Increment.YearDayOfYear
	EndGlobalSection
	GlobalSection(MonoDevelopProperties) = preSolution
		StartupItem = Tests\InVision.Rendering.Launcher\InVision.Rendering.Launcher.csproj
	EndGlobalSection
EndGlobal
